
Microsoft Visual Studio Solution File, Format Version 12.00
# Visual Studio 14
VisualStudioVersion = 14.0.23107.0
MinimumVisualStudioVersion = 10.0.40219.1
Project("{FAE04EC0-301F-11D3-BF4B-00C04F79EFBC}") = "TemplateWizard", "TemplateWizard\TemplateWizard.csproj", "{B9BEBF33-3A8E-4201-A63C-40B80C47CEBE}"
EndProject
Project("{2150E333-8FDC-42A3-9474-1A3956D46DE8}") = ".nuget", ".nuget", "{3B681970-704E-4253-9696-E5ED79EDB10F}"
	ProjectSection(SolutionItems) = preProject
		.nuget\NuGet.Config = .nuget\NuGet.Config
		.nuget\NuGet.exe = .nuget\NuGet.exe
		.nuget\NuGet.targets = .nuget\NuGet.targets
	EndProjectSection
EndProject
Project("{2150E333-8FDC-42A3-9474-1A3956D46DE8}") = "SalesforceSDKTests", "SalesforceSDKTests", "{BDDA09DC-2E8A-4B0C-A88C-8B4558365756}"
EndProject
Project("{FAE04EC0-301F-11D3-BF4B-00C04F79EFBC}") = "Core.NuGet", "Core.NuGet\Core.NuGet.csproj", "{0451BAEF-DF2E-4B98-8644-94EE9415E389}"
EndProject
Project("{FAE04EC0-301F-11D3-BF4B-00C04F79EFBC}") = "Universal", "Universal\Universal.csproj", "{4E325032-0060-4965-BCEB-E737AE088AAF}"
EndProject
Project("{FAE04EC0-301F-11D3-BF4B-00C04F79EFBC}") = "Hybrid", "Hybrid\Hybrid.csproj", "{1BB20010-2DC8-4B04-AC07-B44AB5AB9590}"
EndProject
Project("{FAE04EC0-301F-11D3-BF4B-00C04F79EFBC}") = "Hybrid.SmartStore", "Hybrid.SmartStore\Hybrid.SmartStore.csproj", "{203217C4-C813-4CAA-9933-3E985971CA09}"
EndProject
Project("{FAE04EC0-301F-11D3-BF4B-00C04F79EFBC}") = "Hybrid.SmartSync", "Hybrid.SmartSync\Hybrid.SmartSync.csproj", "{A50C9379-342A-45AF-B4F2-FB55C0517C2B}"
EndProject
Project("{262852C6-CD72-467D-83FE-5EEB1973A190}") = "TypeScriptLib", "TypeScriptLib\TypeScriptLib.jsproj", "{2F78291C-22CD-410E-8B0F-98A9AF464361}"
EndProject
Project("{FAE04EC0-301F-11D3-BF4B-00C04F79EFBC}") = "Core", "Core\Core.csproj", "{86021BC6-AE6C-47B2-9D08-8E352C46E277}"
EndProject
Project("{FAE04EC0-301F-11D3-BF4B-00C04F79EFBC}") = "SmartStore", "SmartStore\SmartStore.csproj", "{8AACCCBC-E17B-4292-BA0B-2E22F2F71EF6}"
EndProject
Project("{FAE04EC0-301F-11D3-BF4B-00C04F79EFBC}") = "SmartSync", "SmartSync\SmartSync.csproj", "{391494A2-48A3-4337-85FE-55241E6AB455}"
EndProject
Project("{FAE04EC0-301F-11D3-BF4B-00C04F79EFBC}") = "Tests", "Salesforce.SDK.Tests\Tests.csproj", "{AE730AD6-124E-4F51-970F-A1EF7BB10EC1}"
EndProject
Global
	GlobalSection(SolutionConfigurationPlatforms) = preSolution
		Debug|Android = Debug|Android
		Debug|Any CPU = Debug|Any CPU
		Debug|ARM = Debug|ARM
		Debug|iOS = Debug|iOS
		Debug|Mixed Platforms = Debug|Mixed Platforms
		Debug|Win32 = Debug|Win32
		Debug|Windows Phone = Debug|Windows Phone
		Debug|Windows Phone (Universal) = Debug|Windows Phone (Universal)
		Debug|Windows Phone 8 = Debug|Windows Phone 8
		Debug|Windows-AnyCPU = Debug|Windows-AnyCPU
		Debug|Windows-ARM = Debug|Windows-ARM
		Debug|Windows-x64 = Debug|Windows-x64
		Debug|Windows-x86 = Debug|Windows-x86
		Debug|x64 = Debug|x64
		Debug|x86 = Debug|x86
		Distribution|Android = Distribution|Android
		Distribution|Any CPU = Distribution|Any CPU
		Distribution|ARM = Distribution|ARM
		Distribution|iOS = Distribution|iOS
		Distribution|Mixed Platforms = Distribution|Mixed Platforms
		Distribution|Win32 = Distribution|Win32
		Distribution|Windows Phone = Distribution|Windows Phone
		Distribution|Windows Phone (Universal) = Distribution|Windows Phone (Universal)
		Distribution|Windows Phone 8 = Distribution|Windows Phone 8
		Distribution|Windows-AnyCPU = Distribution|Windows-AnyCPU
		Distribution|Windows-ARM = Distribution|Windows-ARM
		Distribution|Windows-x64 = Distribution|Windows-x64
		Distribution|Windows-x86 = Distribution|Windows-x86
		Distribution|x64 = Distribution|x64
		Distribution|x86 = Distribution|x86
		Release|Android = Release|Android
		Release|Any CPU = Release|Any CPU
		Release|ARM = Release|ARM
		Release|iOS = Release|iOS
		Release|Mixed Platforms = Release|Mixed Platforms
		Release|Win32 = Release|Win32
		Release|Windows Phone = Release|Windows Phone
		Release|Windows Phone (Universal) = Release|Windows Phone (Universal)
		Release|Windows Phone 8 = Release|Windows Phone 8
		Release|Windows-AnyCPU = Release|Windows-AnyCPU
		Release|Windows-ARM = Release|Windows-ARM
		Release|Windows-x64 = Release|Windows-x64
		Release|Windows-x86 = Release|Windows-x86
		Release|x64 = Release|x64
		Release|x86 = Release|x86
	EndGlobalSection
	GlobalSection(ProjectConfigurationPlatforms) = postSolution
		{B9BEBF33-3A8E-4201-A63C-40B80C47CEBE}.Debug|Android.ActiveCfg = Debug|Any CPU
		{B9BEBF33-3A8E-4201-A63C-40B80C47CEBE}.Debug|Any CPU.ActiveCfg = Debug|Any CPU
		{B9BEBF33-3A8E-4201-A63C-40B80C47CEBE}.Debug|ARM.ActiveCfg = Debug|Any CPU
		{B9BEBF33-3A8E-4201-A63C-40B80C47CEBE}.Debug|iOS.ActiveCfg = Debug|Any CPU
		{B9BEBF33-3A8E-4201-A63C-40B80C47CEBE}.Debug|Mixed Platforms.ActiveCfg = Debug|Any CPU
		{B9BEBF33-3A8E-4201-A63C-40B80C47CEBE}.Debug|Win32.ActiveCfg = Debug|Any CPU
		{B9BEBF33-3A8E-4201-A63C-40B80C47CEBE}.Debug|Windows Phone.ActiveCfg = Debug|Any CPU
		{B9BEBF33-3A8E-4201-A63C-40B80C47CEBE}.Debug|Windows Phone (Universal).ActiveCfg = Debug|Any CPU
		{B9BEBF33-3A8E-4201-A63C-40B80C47CEBE}.Debug|Windows Phone 8.ActiveCfg = Debug|Any CPU
		{B9BEBF33-3A8E-4201-A63C-40B80C47CEBE}.Debug|Windows-AnyCPU.ActiveCfg = Debug|Any CPU
		{B9BEBF33-3A8E-4201-A63C-40B80C47CEBE}.Debug|Windows-ARM.ActiveCfg = Debug|Any CPU
		{B9BEBF33-3A8E-4201-A63C-40B80C47CEBE}.Debug|Windows-x64.ActiveCfg = Debug|Any CPU
		{B9BEBF33-3A8E-4201-A63C-40B80C47CEBE}.Debug|Windows-x86.ActiveCfg = Debug|Any CPU
		{B9BEBF33-3A8E-4201-A63C-40B80C47CEBE}.Debug|Windows-x86.Build.0 = Debug|Any CPU
		{B9BEBF33-3A8E-4201-A63C-40B80C47CEBE}.Debug|x64.ActiveCfg = Debug|Any CPU
		{B9BEBF33-3A8E-4201-A63C-40B80C47CEBE}.Debug|x86.ActiveCfg = Debug|Any CPU
		{B9BEBF33-3A8E-4201-A63C-40B80C47CEBE}.Distribution|Android.ActiveCfg = Debug|Any CPU
		{B9BEBF33-3A8E-4201-A63C-40B80C47CEBE}.Distribution|Any CPU.ActiveCfg = Debug|Any CPU
		{B9BEBF33-3A8E-4201-A63C-40B80C47CEBE}.Distribution|Any CPU.Build.0 = Debug|Any CPU
		{B9BEBF33-3A8E-4201-A63C-40B80C47CEBE}.Distribution|ARM.ActiveCfg = Debug|Any CPU
		{B9BEBF33-3A8E-4201-A63C-40B80C47CEBE}.Distribution|iOS.ActiveCfg = Debug|Any CPU
		{B9BEBF33-3A8E-4201-A63C-40B80C47CEBE}.Distribution|Mixed Platforms.ActiveCfg = Debug|Any CPU
		{B9BEBF33-3A8E-4201-A63C-40B80C47CEBE}.Distribution|Mixed Platforms.Build.0 = Debug|Any CPU
		{B9BEBF33-3A8E-4201-A63C-40B80C47CEBE}.Distribution|Win32.ActiveCfg = Debug|Any CPU
		{B9BEBF33-3A8E-4201-A63C-40B80C47CEBE}.Distribution|Windows Phone.ActiveCfg = Debug|Any CPU
		{B9BEBF33-3A8E-4201-A63C-40B80C47CEBE}.Distribution|Windows Phone (Universal).ActiveCfg = Debug|Any CPU
		{B9BEBF33-3A8E-4201-A63C-40B80C47CEBE}.Distribution|Windows Phone 8.ActiveCfg = Debug|Any CPU
		{B9BEBF33-3A8E-4201-A63C-40B80C47CEBE}.Distribution|Windows-AnyCPU.ActiveCfg = Debug|Any CPU
		{B9BEBF33-3A8E-4201-A63C-40B80C47CEBE}.Distribution|Windows-ARM.ActiveCfg = Debug|Any CPU
		{B9BEBF33-3A8E-4201-A63C-40B80C47CEBE}.Distribution|Windows-x64.ActiveCfg = Debug|Any CPU
		{B9BEBF33-3A8E-4201-A63C-40B80C47CEBE}.Distribution|Windows-x86.ActiveCfg = Debug|Any CPU
		{B9BEBF33-3A8E-4201-A63C-40B80C47CEBE}.Distribution|x64.ActiveCfg = Debug|Any CPU
		{B9BEBF33-3A8E-4201-A63C-40B80C47CEBE}.Distribution|x86.ActiveCfg = Debug|Any CPU
		{B9BEBF33-3A8E-4201-A63C-40B80C47CEBE}.Release|Android.ActiveCfg = Release|Any CPU
		{B9BEBF33-3A8E-4201-A63C-40B80C47CEBE}.Release|Any CPU.ActiveCfg = Release|Any CPU
		{B9BEBF33-3A8E-4201-A63C-40B80C47CEBE}.Release|Any CPU.Build.0 = Release|Any CPU
		{B9BEBF33-3A8E-4201-A63C-40B80C47CEBE}.Release|ARM.ActiveCfg = Release|Any CPU
		{B9BEBF33-3A8E-4201-A63C-40B80C47CEBE}.Release|iOS.ActiveCfg = Release|Any CPU
		{B9BEBF33-3A8E-4201-A63C-40B80C47CEBE}.Release|Mixed Platforms.ActiveCfg = Release|Any CPU
		{B9BEBF33-3A8E-4201-A63C-40B80C47CEBE}.Release|Mixed Platforms.Build.0 = Release|Any CPU
		{B9BEBF33-3A8E-4201-A63C-40B80C47CEBE}.Release|Win32.ActiveCfg = Release|Any CPU
		{B9BEBF33-3A8E-4201-A63C-40B80C47CEBE}.Release|Windows Phone.ActiveCfg = Release|Any CPU
		{B9BEBF33-3A8E-4201-A63C-40B80C47CEBE}.Release|Windows Phone (Universal).ActiveCfg = Release|Any CPU
		{B9BEBF33-3A8E-4201-A63C-40B80C47CEBE}.Release|Windows Phone 8.ActiveCfg = Release|Any CPU
		{B9BEBF33-3A8E-4201-A63C-40B80C47CEBE}.Release|Windows-AnyCPU.ActiveCfg = Release|Any CPU
		{B9BEBF33-3A8E-4201-A63C-40B80C47CEBE}.Release|Windows-ARM.ActiveCfg = Release|Any CPU
		{B9BEBF33-3A8E-4201-A63C-40B80C47CEBE}.Release|Windows-x64.ActiveCfg = Release|Any CPU
		{B9BEBF33-3A8E-4201-A63C-40B80C47CEBE}.Release|Windows-x86.ActiveCfg = Release|Any CPU
		{B9BEBF33-3A8E-4201-A63C-40B80C47CEBE}.Release|x64.ActiveCfg = Release|Any CPU
		{B9BEBF33-3A8E-4201-A63C-40B80C47CEBE}.Release|x86.ActiveCfg = Release|Any CPU
		{0451BAEF-DF2E-4B98-8644-94EE9415E389}.Debug|Android.ActiveCfg = Debug|Any CPU
		{0451BAEF-DF2E-4B98-8644-94EE9415E389}.Debug|Any CPU.ActiveCfg = Debug|Any CPU
		{0451BAEF-DF2E-4B98-8644-94EE9415E389}.Debug|ARM.ActiveCfg = Debug|Any CPU
		{0451BAEF-DF2E-4B98-8644-94EE9415E389}.Debug|iOS.ActiveCfg = Debug|Any CPU
		{0451BAEF-DF2E-4B98-8644-94EE9415E389}.Debug|Mixed Platforms.ActiveCfg = Debug|Any CPU
		{0451BAEF-DF2E-4B98-8644-94EE9415E389}.Debug|Win32.ActiveCfg = Debug|Any CPU
		{0451BAEF-DF2E-4B98-8644-94EE9415E389}.Debug|Windows Phone.ActiveCfg = Debug|Any CPU
		{0451BAEF-DF2E-4B98-8644-94EE9415E389}.Debug|Windows Phone (Universal).ActiveCfg = Debug|Any CPU
		{0451BAEF-DF2E-4B98-8644-94EE9415E389}.Debug|Windows Phone 8.ActiveCfg = Debug|Any CPU
		{0451BAEF-DF2E-4B98-8644-94EE9415E389}.Debug|Windows-AnyCPU.ActiveCfg = Debug|Any CPU
		{0451BAEF-DF2E-4B98-8644-94EE9415E389}.Debug|Windows-ARM.ActiveCfg = Debug|Any CPU
		{0451BAEF-DF2E-4B98-8644-94EE9415E389}.Debug|Windows-x64.ActiveCfg = Debug|Any CPU
		{0451BAEF-DF2E-4B98-8644-94EE9415E389}.Debug|Windows-x86.ActiveCfg = Debug|Any CPU
		{0451BAEF-DF2E-4B98-8644-94EE9415E389}.Debug|x64.ActiveCfg = Debug|Any CPU
		{0451BAEF-DF2E-4B98-8644-94EE9415E389}.Debug|x86.ActiveCfg = Debug|Any CPU
		{0451BAEF-DF2E-4B98-8644-94EE9415E389}.Distribution|Android.ActiveCfg = Debug|Any CPU
		{0451BAEF-DF2E-4B98-8644-94EE9415E389}.Distribution|Any CPU.ActiveCfg = Debug|Any CPU
		{0451BAEF-DF2E-4B98-8644-94EE9415E389}.Distribution|Any CPU.Build.0 = Debug|Any CPU
		{0451BAEF-DF2E-4B98-8644-94EE9415E389}.Distribution|ARM.ActiveCfg = Debug|Any CPU
		{0451BAEF-DF2E-4B98-8644-94EE9415E389}.Distribution|iOS.ActiveCfg = Debug|Any CPU
		{0451BAEF-DF2E-4B98-8644-94EE9415E389}.Distribution|Mixed Platforms.ActiveCfg = Debug|Any CPU
		{0451BAEF-DF2E-4B98-8644-94EE9415E389}.Distribution|Mixed Platforms.Build.0 = Debug|Any CPU
		{0451BAEF-DF2E-4B98-8644-94EE9415E389}.Distribution|Win32.ActiveCfg = Debug|Any CPU
		{0451BAEF-DF2E-4B98-8644-94EE9415E389}.Distribution|Windows Phone.ActiveCfg = Debug|Any CPU
		{0451BAEF-DF2E-4B98-8644-94EE9415E389}.Distribution|Windows Phone (Universal).ActiveCfg = Debug|Any CPU
		{0451BAEF-DF2E-4B98-8644-94EE9415E389}.Distribution|Windows Phone 8.ActiveCfg = Debug|Any CPU
		{0451BAEF-DF2E-4B98-8644-94EE9415E389}.Distribution|Windows-AnyCPU.ActiveCfg = Debug|Any CPU
		{0451BAEF-DF2E-4B98-8644-94EE9415E389}.Distribution|Windows-ARM.ActiveCfg = Debug|Any CPU
		{0451BAEF-DF2E-4B98-8644-94EE9415E389}.Distribution|Windows-x64.ActiveCfg = Debug|Any CPU
		{0451BAEF-DF2E-4B98-8644-94EE9415E389}.Distribution|Windows-x86.ActiveCfg = Debug|Any CPU
		{0451BAEF-DF2E-4B98-8644-94EE9415E389}.Distribution|x64.ActiveCfg = Debug|Any CPU
		{0451BAEF-DF2E-4B98-8644-94EE9415E389}.Distribution|x86.ActiveCfg = Debug|Any CPU
		{0451BAEF-DF2E-4B98-8644-94EE9415E389}.Release|Android.ActiveCfg = Release|Any CPU
		{0451BAEF-DF2E-4B98-8644-94EE9415E389}.Release|Any CPU.ActiveCfg = Release|Any CPU
		{0451BAEF-DF2E-4B98-8644-94EE9415E389}.Release|Any CPU.Build.0 = Release|Any CPU
		{0451BAEF-DF2E-4B98-8644-94EE9415E389}.Release|ARM.ActiveCfg = Release|Any CPU
		{0451BAEF-DF2E-4B98-8644-94EE9415E389}.Release|iOS.ActiveCfg = Release|Any CPU
		{0451BAEF-DF2E-4B98-8644-94EE9415E389}.Release|Mixed Platforms.ActiveCfg = Release|Any CPU
		{0451BAEF-DF2E-4B98-8644-94EE9415E389}.Release|Mixed Platforms.Build.0 = Release|Any CPU
		{0451BAEF-DF2E-4B98-8644-94EE9415E389}.Release|Win32.ActiveCfg = Release|Any CPU
		{0451BAEF-DF2E-4B98-8644-94EE9415E389}.Release|Windows Phone.ActiveCfg = Release|Any CPU
		{0451BAEF-DF2E-4B98-8644-94EE9415E389}.Release|Windows Phone (Universal).ActiveCfg = Release|Any CPU
		{0451BAEF-DF2E-4B98-8644-94EE9415E389}.Release|Windows Phone 8.ActiveCfg = Release|Any CPU
		{0451BAEF-DF2E-4B98-8644-94EE9415E389}.Release|Windows-AnyCPU.ActiveCfg = Release|Any CPU
		{0451BAEF-DF2E-4B98-8644-94EE9415E389}.Release|Windows-ARM.ActiveCfg = Release|Any CPU
		{0451BAEF-DF2E-4B98-8644-94EE9415E389}.Release|Windows-x64.ActiveCfg = Release|Any CPU
		{0451BAEF-DF2E-4B98-8644-94EE9415E389}.Release|Windows-x86.ActiveCfg = Release|Any CPU
		{0451BAEF-DF2E-4B98-8644-94EE9415E389}.Release|x64.ActiveCfg = Release|Any CPU
		{0451BAEF-DF2E-4B98-8644-94EE9415E389}.Release|x86.ActiveCfg = Release|Any CPU
		{4E325032-0060-4965-BCEB-E737AE088AAF}.Debug|Android.ActiveCfg = Debug|Any CPU
		{4E325032-0060-4965-BCEB-E737AE088AAF}.Debug|Android.Build.0 = Debug|Any CPU
		{4E325032-0060-4965-BCEB-E737AE088AAF}.Debug|Any CPU.ActiveCfg = Debug|Any CPU
		{4E325032-0060-4965-BCEB-E737AE088AAF}.Debug|Any CPU.Build.0 = Debug|Any CPU
		{4E325032-0060-4965-BCEB-E737AE088AAF}.Debug|ARM.ActiveCfg = Debug|ARM
		{4E325032-0060-4965-BCEB-E737AE088AAF}.Debug|ARM.Build.0 = Debug|ARM
		{4E325032-0060-4965-BCEB-E737AE088AAF}.Debug|iOS.ActiveCfg = Debug|Any CPU
		{4E325032-0060-4965-BCEB-E737AE088AAF}.Debug|iOS.Build.0 = Debug|Any CPU
		{4E325032-0060-4965-BCEB-E737AE088AAF}.Debug|Mixed Platforms.ActiveCfg = Debug|x86
		{4E325032-0060-4965-BCEB-E737AE088AAF}.Debug|Mixed Platforms.Build.0 = Debug|x86
		{4E325032-0060-4965-BCEB-E737AE088AAF}.Debug|Win32.ActiveCfg = Debug|x86
		{4E325032-0060-4965-BCEB-E737AE088AAF}.Debug|Win32.Build.0 = Debug|x86
		{4E325032-0060-4965-BCEB-E737AE088AAF}.Debug|Windows Phone.ActiveCfg = Debug|Any CPU
		{4E325032-0060-4965-BCEB-E737AE088AAF}.Debug|Windows Phone.Build.0 = Debug|Any CPU
		{4E325032-0060-4965-BCEB-E737AE088AAF}.Debug|Windows Phone (Universal).ActiveCfg = Debug|Any CPU
		{4E325032-0060-4965-BCEB-E737AE088AAF}.Debug|Windows Phone (Universal).Build.0 = Debug|Any CPU
		{4E325032-0060-4965-BCEB-E737AE088AAF}.Debug|Windows Phone 8.ActiveCfg = Debug|Any CPU
		{4E325032-0060-4965-BCEB-E737AE088AAF}.Debug|Windows Phone 8.Build.0 = Debug|Any CPU
		{4E325032-0060-4965-BCEB-E737AE088AAF}.Debug|Windows-AnyCPU.ActiveCfg = Debug|Any CPU
		{4E325032-0060-4965-BCEB-E737AE088AAF}.Debug|Windows-AnyCPU.Build.0 = Debug|Any CPU
		{4E325032-0060-4965-BCEB-E737AE088AAF}.Debug|Windows-ARM.ActiveCfg = Debug|Any CPU
		{4E325032-0060-4965-BCEB-E737AE088AAF}.Debug|Windows-ARM.Build.0 = Debug|Any CPU
		{4E325032-0060-4965-BCEB-E737AE088AAF}.Debug|Windows-x64.ActiveCfg = Debug|Any CPU
		{4E325032-0060-4965-BCEB-E737AE088AAF}.Debug|Windows-x64.Build.0 = Debug|Any CPU
		{4E325032-0060-4965-BCEB-E737AE088AAF}.Debug|Windows-x86.ActiveCfg = Debug|Any CPU
		{4E325032-0060-4965-BCEB-E737AE088AAF}.Debug|Windows-x86.Build.0 = Debug|Any CPU
		{4E325032-0060-4965-BCEB-E737AE088AAF}.Debug|x64.ActiveCfg = Debug|x64
		{4E325032-0060-4965-BCEB-E737AE088AAF}.Debug|x64.Build.0 = Debug|x64
		{4E325032-0060-4965-BCEB-E737AE088AAF}.Debug|x86.ActiveCfg = Debug|x86
		{4E325032-0060-4965-BCEB-E737AE088AAF}.Debug|x86.Build.0 = Debug|x86
		{4E325032-0060-4965-BCEB-E737AE088AAF}.Distribution|Android.ActiveCfg = Debug|Any CPU
		{4E325032-0060-4965-BCEB-E737AE088AAF}.Distribution|Android.Build.0 = Debug|Any CPU
		{4E325032-0060-4965-BCEB-E737AE088AAF}.Distribution|Any CPU.ActiveCfg = Debug|Any CPU
		{4E325032-0060-4965-BCEB-E737AE088AAF}.Distribution|Any CPU.Build.0 = Debug|Any CPU
		{4E325032-0060-4965-BCEB-E737AE088AAF}.Distribution|ARM.ActiveCfg = Debug|ARM
		{4E325032-0060-4965-BCEB-E737AE088AAF}.Distribution|ARM.Build.0 = Debug|ARM
		{4E325032-0060-4965-BCEB-E737AE088AAF}.Distribution|iOS.ActiveCfg = Debug|Any CPU
		{4E325032-0060-4965-BCEB-E737AE088AAF}.Distribution|iOS.Build.0 = Debug|Any CPU
		{4E325032-0060-4965-BCEB-E737AE088AAF}.Distribution|Mixed Platforms.ActiveCfg = Debug|x86
		{4E325032-0060-4965-BCEB-E737AE088AAF}.Distribution|Mixed Platforms.Build.0 = Debug|x86
		{4E325032-0060-4965-BCEB-E737AE088AAF}.Distribution|Win32.ActiveCfg = Debug|x86
		{4E325032-0060-4965-BCEB-E737AE088AAF}.Distribution|Win32.Build.0 = Debug|x86
		{4E325032-0060-4965-BCEB-E737AE088AAF}.Distribution|Windows Phone.ActiveCfg = Debug|Any CPU
		{4E325032-0060-4965-BCEB-E737AE088AAF}.Distribution|Windows Phone.Build.0 = Debug|Any CPU
		{4E325032-0060-4965-BCEB-E737AE088AAF}.Distribution|Windows Phone (Universal).ActiveCfg = Debug|Any CPU
		{4E325032-0060-4965-BCEB-E737AE088AAF}.Distribution|Windows Phone (Universal).Build.0 = Debug|Any CPU
		{4E325032-0060-4965-BCEB-E737AE088AAF}.Distribution|Windows Phone 8.ActiveCfg = Debug|Any CPU
		{4E325032-0060-4965-BCEB-E737AE088AAF}.Distribution|Windows Phone 8.Build.0 = Debug|Any CPU
		{4E325032-0060-4965-BCEB-E737AE088AAF}.Distribution|Windows-AnyCPU.ActiveCfg = Debug|Any CPU
		{4E325032-0060-4965-BCEB-E737AE088AAF}.Distribution|Windows-AnyCPU.Build.0 = Debug|Any CPU
		{4E325032-0060-4965-BCEB-E737AE088AAF}.Distribution|Windows-ARM.ActiveCfg = Debug|Any CPU
		{4E325032-0060-4965-BCEB-E737AE088AAF}.Distribution|Windows-ARM.Build.0 = Debug|Any CPU
		{4E325032-0060-4965-BCEB-E737AE088AAF}.Distribution|Windows-x64.ActiveCfg = Debug|Any CPU
		{4E325032-0060-4965-BCEB-E737AE088AAF}.Distribution|Windows-x64.Build.0 = Debug|Any CPU
		{4E325032-0060-4965-BCEB-E737AE088AAF}.Distribution|Windows-x86.ActiveCfg = Debug|Any CPU
		{4E325032-0060-4965-BCEB-E737AE088AAF}.Distribution|Windows-x86.Build.0 = Debug|Any CPU
		{4E325032-0060-4965-BCEB-E737AE088AAF}.Distribution|x64.ActiveCfg = Debug|x64
		{4E325032-0060-4965-BCEB-E737AE088AAF}.Distribution|x64.Build.0 = Debug|x64
		{4E325032-0060-4965-BCEB-E737AE088AAF}.Distribution|x86.ActiveCfg = Debug|x86
		{4E325032-0060-4965-BCEB-E737AE088AAF}.Distribution|x86.Build.0 = Debug|x86
		{4E325032-0060-4965-BCEB-E737AE088AAF}.Release|Android.ActiveCfg = Release|Any CPU
		{4E325032-0060-4965-BCEB-E737AE088AAF}.Release|Android.Build.0 = Release|Any CPU
		{4E325032-0060-4965-BCEB-E737AE088AAF}.Release|Any CPU.ActiveCfg = Release|Any CPU
		{4E325032-0060-4965-BCEB-E737AE088AAF}.Release|Any CPU.Build.0 = Release|Any CPU
		{4E325032-0060-4965-BCEB-E737AE088AAF}.Release|ARM.ActiveCfg = Release|ARM
		{4E325032-0060-4965-BCEB-E737AE088AAF}.Release|ARM.Build.0 = Release|ARM
		{4E325032-0060-4965-BCEB-E737AE088AAF}.Release|iOS.ActiveCfg = Release|Any CPU
		{4E325032-0060-4965-BCEB-E737AE088AAF}.Release|iOS.Build.0 = Release|Any CPU
		{4E325032-0060-4965-BCEB-E737AE088AAF}.Release|Mixed Platforms.ActiveCfg = Release|x86
		{4E325032-0060-4965-BCEB-E737AE088AAF}.Release|Mixed Platforms.Build.0 = Release|x86
		{4E325032-0060-4965-BCEB-E737AE088AAF}.Release|Win32.ActiveCfg = Release|x86
		{4E325032-0060-4965-BCEB-E737AE088AAF}.Release|Win32.Build.0 = Release|x86
		{4E325032-0060-4965-BCEB-E737AE088AAF}.Release|Windows Phone.ActiveCfg = Release|Any CPU
		{4E325032-0060-4965-BCEB-E737AE088AAF}.Release|Windows Phone.Build.0 = Release|Any CPU
		{4E325032-0060-4965-BCEB-E737AE088AAF}.Release|Windows Phone (Universal).ActiveCfg = Release|Any CPU
		{4E325032-0060-4965-BCEB-E737AE088AAF}.Release|Windows Phone (Universal).Build.0 = Release|Any CPU
		{4E325032-0060-4965-BCEB-E737AE088AAF}.Release|Windows Phone 8.ActiveCfg = Release|Any CPU
		{4E325032-0060-4965-BCEB-E737AE088AAF}.Release|Windows Phone 8.Build.0 = Release|Any CPU
		{4E325032-0060-4965-BCEB-E737AE088AAF}.Release|Windows-AnyCPU.ActiveCfg = Release|Any CPU
		{4E325032-0060-4965-BCEB-E737AE088AAF}.Release|Windows-AnyCPU.Build.0 = Release|Any CPU
		{4E325032-0060-4965-BCEB-E737AE088AAF}.Release|Windows-ARM.ActiveCfg = Release|Any CPU
		{4E325032-0060-4965-BCEB-E737AE088AAF}.Release|Windows-ARM.Build.0 = Release|Any CPU
		{4E325032-0060-4965-BCEB-E737AE088AAF}.Release|Windows-x64.ActiveCfg = Release|Any CPU
		{4E325032-0060-4965-BCEB-E737AE088AAF}.Release|Windows-x64.Build.0 = Release|Any CPU
		{4E325032-0060-4965-BCEB-E737AE088AAF}.Release|Windows-x86.ActiveCfg = Release|Any CPU
		{4E325032-0060-4965-BCEB-E737AE088AAF}.Release|Windows-x86.Build.0 = Release|Any CPU
		{4E325032-0060-4965-BCEB-E737AE088AAF}.Release|x64.ActiveCfg = Release|x64
		{4E325032-0060-4965-BCEB-E737AE088AAF}.Release|x64.Build.0 = Release|x64
		{4E325032-0060-4965-BCEB-E737AE088AAF}.Release|x86.ActiveCfg = Release|x86
		{4E325032-0060-4965-BCEB-E737AE088AAF}.Release|x86.Build.0 = Release|x86
		{1BB20010-2DC8-4B04-AC07-B44AB5AB9590}.Debug|Android.ActiveCfg = Debug|Any CPU
		{1BB20010-2DC8-4B04-AC07-B44AB5AB9590}.Debug|Android.Build.0 = Debug|Any CPU
		{1BB20010-2DC8-4B04-AC07-B44AB5AB9590}.Debug|Any CPU.ActiveCfg = Debug|Any CPU
		{1BB20010-2DC8-4B04-AC07-B44AB5AB9590}.Debug|Any CPU.Build.0 = Debug|Any CPU
		{1BB20010-2DC8-4B04-AC07-B44AB5AB9590}.Debug|ARM.ActiveCfg = Debug|ARM
		{1BB20010-2DC8-4B04-AC07-B44AB5AB9590}.Debug|ARM.Build.0 = Debug|ARM
		{1BB20010-2DC8-4B04-AC07-B44AB5AB9590}.Debug|iOS.ActiveCfg = Debug|Any CPU
		{1BB20010-2DC8-4B04-AC07-B44AB5AB9590}.Debug|iOS.Build.0 = Debug|Any CPU
		{1BB20010-2DC8-4B04-AC07-B44AB5AB9590}.Debug|Mixed Platforms.ActiveCfg = Debug|x86
		{1BB20010-2DC8-4B04-AC07-B44AB5AB9590}.Debug|Mixed Platforms.Build.0 = Debug|x86
		{1BB20010-2DC8-4B04-AC07-B44AB5AB9590}.Debug|Win32.ActiveCfg = Debug|x86
		{1BB20010-2DC8-4B04-AC07-B44AB5AB9590}.Debug|Win32.Build.0 = Debug|x86
		{1BB20010-2DC8-4B04-AC07-B44AB5AB9590}.Debug|Windows Phone.ActiveCfg = Debug|Any CPU
		{1BB20010-2DC8-4B04-AC07-B44AB5AB9590}.Debug|Windows Phone.Build.0 = Debug|Any CPU
		{1BB20010-2DC8-4B04-AC07-B44AB5AB9590}.Debug|Windows Phone (Universal).ActiveCfg = Debug|Any CPU
		{1BB20010-2DC8-4B04-AC07-B44AB5AB9590}.Debug|Windows Phone (Universal).Build.0 = Debug|Any CPU
		{1BB20010-2DC8-4B04-AC07-B44AB5AB9590}.Debug|Windows Phone 8.ActiveCfg = Debug|Any CPU
		{1BB20010-2DC8-4B04-AC07-B44AB5AB9590}.Debug|Windows Phone 8.Build.0 = Debug|Any CPU
		{1BB20010-2DC8-4B04-AC07-B44AB5AB9590}.Debug|Windows-AnyCPU.ActiveCfg = Debug|Any CPU
		{1BB20010-2DC8-4B04-AC07-B44AB5AB9590}.Debug|Windows-AnyCPU.Build.0 = Debug|Any CPU
		{1BB20010-2DC8-4B04-AC07-B44AB5AB9590}.Debug|Windows-ARM.ActiveCfg = Debug|Any CPU
		{1BB20010-2DC8-4B04-AC07-B44AB5AB9590}.Debug|Windows-ARM.Build.0 = Debug|Any CPU
		{1BB20010-2DC8-4B04-AC07-B44AB5AB9590}.Debug|Windows-x64.ActiveCfg = Debug|Any CPU
		{1BB20010-2DC8-4B04-AC07-B44AB5AB9590}.Debug|Windows-x64.Build.0 = Debug|Any CPU
		{1BB20010-2DC8-4B04-AC07-B44AB5AB9590}.Debug|Windows-x86.ActiveCfg = Debug|Any CPU
		{1BB20010-2DC8-4B04-AC07-B44AB5AB9590}.Debug|Windows-x86.Build.0 = Debug|Any CPU
		{1BB20010-2DC8-4B04-AC07-B44AB5AB9590}.Debug|x64.ActiveCfg = Debug|x64
		{1BB20010-2DC8-4B04-AC07-B44AB5AB9590}.Debug|x64.Build.0 = Debug|x64
		{1BB20010-2DC8-4B04-AC07-B44AB5AB9590}.Debug|x86.ActiveCfg = Debug|x86
		{1BB20010-2DC8-4B04-AC07-B44AB5AB9590}.Debug|x86.Build.0 = Debug|x86
		{1BB20010-2DC8-4B04-AC07-B44AB5AB9590}.Distribution|Android.ActiveCfg = Debug|Any CPU
		{1BB20010-2DC8-4B04-AC07-B44AB5AB9590}.Distribution|Android.Build.0 = Debug|Any CPU
		{1BB20010-2DC8-4B04-AC07-B44AB5AB9590}.Distribution|Any CPU.ActiveCfg = Debug|Any CPU
		{1BB20010-2DC8-4B04-AC07-B44AB5AB9590}.Distribution|Any CPU.Build.0 = Debug|Any CPU
		{1BB20010-2DC8-4B04-AC07-B44AB5AB9590}.Distribution|ARM.ActiveCfg = Debug|ARM
		{1BB20010-2DC8-4B04-AC07-B44AB5AB9590}.Distribution|ARM.Build.0 = Debug|ARM
		{1BB20010-2DC8-4B04-AC07-B44AB5AB9590}.Distribution|iOS.ActiveCfg = Debug|Any CPU
		{1BB20010-2DC8-4B04-AC07-B44AB5AB9590}.Distribution|iOS.Build.0 = Debug|Any CPU
		{1BB20010-2DC8-4B04-AC07-B44AB5AB9590}.Distribution|Mixed Platforms.ActiveCfg = Debug|x86
		{1BB20010-2DC8-4B04-AC07-B44AB5AB9590}.Distribution|Mixed Platforms.Build.0 = Debug|x86
		{1BB20010-2DC8-4B04-AC07-B44AB5AB9590}.Distribution|Win32.ActiveCfg = Debug|x86
		{1BB20010-2DC8-4B04-AC07-B44AB5AB9590}.Distribution|Win32.Build.0 = Debug|x86
		{1BB20010-2DC8-4B04-AC07-B44AB5AB9590}.Distribution|Windows Phone.ActiveCfg = Debug|Any CPU
		{1BB20010-2DC8-4B04-AC07-B44AB5AB9590}.Distribution|Windows Phone.Build.0 = Debug|Any CPU
		{1BB20010-2DC8-4B04-AC07-B44AB5AB9590}.Distribution|Windows Phone (Universal).ActiveCfg = Debug|Any CPU
		{1BB20010-2DC8-4B04-AC07-B44AB5AB9590}.Distribution|Windows Phone (Universal).Build.0 = Debug|Any CPU
		{1BB20010-2DC8-4B04-AC07-B44AB5AB9590}.Distribution|Windows Phone 8.ActiveCfg = Debug|Any CPU
		{1BB20010-2DC8-4B04-AC07-B44AB5AB9590}.Distribution|Windows Phone 8.Build.0 = Debug|Any CPU
		{1BB20010-2DC8-4B04-AC07-B44AB5AB9590}.Distribution|Windows-AnyCPU.ActiveCfg = Debug|Any CPU
		{1BB20010-2DC8-4B04-AC07-B44AB5AB9590}.Distribution|Windows-AnyCPU.Build.0 = Debug|Any CPU
		{1BB20010-2DC8-4B04-AC07-B44AB5AB9590}.Distribution|Windows-ARM.ActiveCfg = Debug|Any CPU
		{1BB20010-2DC8-4B04-AC07-B44AB5AB9590}.Distribution|Windows-ARM.Build.0 = Debug|Any CPU
		{1BB20010-2DC8-4B04-AC07-B44AB5AB9590}.Distribution|Windows-x64.ActiveCfg = Debug|Any CPU
		{1BB20010-2DC8-4B04-AC07-B44AB5AB9590}.Distribution|Windows-x64.Build.0 = Debug|Any CPU
		{1BB20010-2DC8-4B04-AC07-B44AB5AB9590}.Distribution|Windows-x86.ActiveCfg = Debug|Any CPU
		{1BB20010-2DC8-4B04-AC07-B44AB5AB9590}.Distribution|Windows-x86.Build.0 = Debug|Any CPU
		{1BB20010-2DC8-4B04-AC07-B44AB5AB9590}.Distribution|x64.ActiveCfg = Debug|x64
		{1BB20010-2DC8-4B04-AC07-B44AB5AB9590}.Distribution|x64.Build.0 = Debug|x64
		{1BB20010-2DC8-4B04-AC07-B44AB5AB9590}.Distribution|x86.ActiveCfg = Debug|x86
		{1BB20010-2DC8-4B04-AC07-B44AB5AB9590}.Distribution|x86.Build.0 = Debug|x86
		{1BB20010-2DC8-4B04-AC07-B44AB5AB9590}.Release|Android.ActiveCfg = Release|Any CPU
		{1BB20010-2DC8-4B04-AC07-B44AB5AB9590}.Release|Android.Build.0 = Release|Any CPU
		{1BB20010-2DC8-4B04-AC07-B44AB5AB9590}.Release|Any CPU.ActiveCfg = Release|Any CPU
		{1BB20010-2DC8-4B04-AC07-B44AB5AB9590}.Release|Any CPU.Build.0 = Release|Any CPU
		{1BB20010-2DC8-4B04-AC07-B44AB5AB9590}.Release|ARM.ActiveCfg = Release|ARM
		{1BB20010-2DC8-4B04-AC07-B44AB5AB9590}.Release|ARM.Build.0 = Release|ARM
		{1BB20010-2DC8-4B04-AC07-B44AB5AB9590}.Release|iOS.ActiveCfg = Release|Any CPU
		{1BB20010-2DC8-4B04-AC07-B44AB5AB9590}.Release|iOS.Build.0 = Release|Any CPU
		{1BB20010-2DC8-4B04-AC07-B44AB5AB9590}.Release|Mixed Platforms.ActiveCfg = Release|x86
		{1BB20010-2DC8-4B04-AC07-B44AB5AB9590}.Release|Mixed Platforms.Build.0 = Release|x86
		{1BB20010-2DC8-4B04-AC07-B44AB5AB9590}.Release|Win32.ActiveCfg = Release|x86
		{1BB20010-2DC8-4B04-AC07-B44AB5AB9590}.Release|Win32.Build.0 = Release|x86
		{1BB20010-2DC8-4B04-AC07-B44AB5AB9590}.Release|Windows Phone.ActiveCfg = Release|Any CPU
		{1BB20010-2DC8-4B04-AC07-B44AB5AB9590}.Release|Windows Phone.Build.0 = Release|Any CPU
		{1BB20010-2DC8-4B04-AC07-B44AB5AB9590}.Release|Windows Phone (Universal).ActiveCfg = Release|Any CPU
		{1BB20010-2DC8-4B04-AC07-B44AB5AB9590}.Release|Windows Phone (Universal).Build.0 = Release|Any CPU
		{1BB20010-2DC8-4B04-AC07-B44AB5AB9590}.Release|Windows Phone 8.ActiveCfg = Release|Any CPU
		{1BB20010-2DC8-4B04-AC07-B44AB5AB9590}.Release|Windows Phone 8.Build.0 = Release|Any CPU
		{1BB20010-2DC8-4B04-AC07-B44AB5AB9590}.Release|Windows-AnyCPU.ActiveCfg = Release|Any CPU
		{1BB20010-2DC8-4B04-AC07-B44AB5AB9590}.Release|Windows-AnyCPU.Build.0 = Release|Any CPU
		{1BB20010-2DC8-4B04-AC07-B44AB5AB9590}.Release|Windows-ARM.ActiveCfg = Release|Any CPU
		{1BB20010-2DC8-4B04-AC07-B44AB5AB9590}.Release|Windows-ARM.Build.0 = Release|Any CPU
		{1BB20010-2DC8-4B04-AC07-B44AB5AB9590}.Release|Windows-x64.ActiveCfg = Release|Any CPU
		{1BB20010-2DC8-4B04-AC07-B44AB5AB9590}.Release|Windows-x64.Build.0 = Release|Any CPU
		{1BB20010-2DC8-4B04-AC07-B44AB5AB9590}.Release|Windows-x86.ActiveCfg = Release|Any CPU
		{1BB20010-2DC8-4B04-AC07-B44AB5AB9590}.Release|Windows-x86.Build.0 = Release|Any CPU
		{1BB20010-2DC8-4B04-AC07-B44AB5AB9590}.Release|x64.ActiveCfg = Release|x64
		{1BB20010-2DC8-4B04-AC07-B44AB5AB9590}.Release|x64.Build.0 = Release|x64
		{1BB20010-2DC8-4B04-AC07-B44AB5AB9590}.Release|x86.ActiveCfg = Release|x86
		{1BB20010-2DC8-4B04-AC07-B44AB5AB9590}.Release|x86.Build.0 = Release|x86
		{203217C4-C813-4CAA-9933-3E985971CA09}.Debug|Android.ActiveCfg = Debug|Any CPU
		{203217C4-C813-4CAA-9933-3E985971CA09}.Debug|Android.Build.0 = Debug|Any CPU
		{203217C4-C813-4CAA-9933-3E985971CA09}.Debug|Any CPU.ActiveCfg = Debug|Any CPU
		{203217C4-C813-4CAA-9933-3E985971CA09}.Debug|Any CPU.Build.0 = Debug|Any CPU
		{203217C4-C813-4CAA-9933-3E985971CA09}.Debug|ARM.ActiveCfg = Debug|ARM
		{203217C4-C813-4CAA-9933-3E985971CA09}.Debug|ARM.Build.0 = Debug|ARM
		{203217C4-C813-4CAA-9933-3E985971CA09}.Debug|iOS.ActiveCfg = Debug|Any CPU
		{203217C4-C813-4CAA-9933-3E985971CA09}.Debug|iOS.Build.0 = Debug|Any CPU
		{203217C4-C813-4CAA-9933-3E985971CA09}.Debug|Mixed Platforms.ActiveCfg = Debug|x86
		{203217C4-C813-4CAA-9933-3E985971CA09}.Debug|Mixed Platforms.Build.0 = Debug|x86
		{203217C4-C813-4CAA-9933-3E985971CA09}.Debug|Win32.ActiveCfg = Debug|x86
		{203217C4-C813-4CAA-9933-3E985971CA09}.Debug|Win32.Build.0 = Debug|x86
		{203217C4-C813-4CAA-9933-3E985971CA09}.Debug|Windows Phone.ActiveCfg = Debug|Any CPU
		{203217C4-C813-4CAA-9933-3E985971CA09}.Debug|Windows Phone.Build.0 = Debug|Any CPU
		{203217C4-C813-4CAA-9933-3E985971CA09}.Debug|Windows Phone (Universal).ActiveCfg = Debug|Any CPU
		{203217C4-C813-4CAA-9933-3E985971CA09}.Debug|Windows Phone (Universal).Build.0 = Debug|Any CPU
		{203217C4-C813-4CAA-9933-3E985971CA09}.Debug|Windows Phone 8.ActiveCfg = Debug|Any CPU
		{203217C4-C813-4CAA-9933-3E985971CA09}.Debug|Windows Phone 8.Build.0 = Debug|Any CPU
		{203217C4-C813-4CAA-9933-3E985971CA09}.Debug|Windows-AnyCPU.ActiveCfg = Debug|Any CPU
		{203217C4-C813-4CAA-9933-3E985971CA09}.Debug|Windows-AnyCPU.Build.0 = Debug|Any CPU
		{203217C4-C813-4CAA-9933-3E985971CA09}.Debug|Windows-ARM.ActiveCfg = Debug|Any CPU
		{203217C4-C813-4CAA-9933-3E985971CA09}.Debug|Windows-ARM.Build.0 = Debug|Any CPU
		{203217C4-C813-4CAA-9933-3E985971CA09}.Debug|Windows-x64.ActiveCfg = Debug|Any CPU
		{203217C4-C813-4CAA-9933-3E985971CA09}.Debug|Windows-x64.Build.0 = Debug|Any CPU
		{203217C4-C813-4CAA-9933-3E985971CA09}.Debug|Windows-x86.ActiveCfg = Debug|Any CPU
		{203217C4-C813-4CAA-9933-3E985971CA09}.Debug|Windows-x86.Build.0 = Debug|Any CPU
		{203217C4-C813-4CAA-9933-3E985971CA09}.Debug|x64.ActiveCfg = Debug|x64
		{203217C4-C813-4CAA-9933-3E985971CA09}.Debug|x64.Build.0 = Debug|x64
		{203217C4-C813-4CAA-9933-3E985971CA09}.Debug|x86.ActiveCfg = Debug|x86
		{203217C4-C813-4CAA-9933-3E985971CA09}.Debug|x86.Build.0 = Debug|x86
		{203217C4-C813-4CAA-9933-3E985971CA09}.Distribution|Android.ActiveCfg = Debug|Any CPU
		{203217C4-C813-4CAA-9933-3E985971CA09}.Distribution|Android.Build.0 = Debug|Any CPU
		{203217C4-C813-4CAA-9933-3E985971CA09}.Distribution|Any CPU.ActiveCfg = Debug|Any CPU
		{203217C4-C813-4CAA-9933-3E985971CA09}.Distribution|Any CPU.Build.0 = Debug|Any CPU
		{203217C4-C813-4CAA-9933-3E985971CA09}.Distribution|ARM.ActiveCfg = Debug|ARM
		{203217C4-C813-4CAA-9933-3E985971CA09}.Distribution|ARM.Build.0 = Debug|ARM
		{203217C4-C813-4CAA-9933-3E985971CA09}.Distribution|iOS.ActiveCfg = Debug|Any CPU
		{203217C4-C813-4CAA-9933-3E985971CA09}.Distribution|iOS.Build.0 = Debug|Any CPU
		{203217C4-C813-4CAA-9933-3E985971CA09}.Distribution|Mixed Platforms.ActiveCfg = Debug|x86
		{203217C4-C813-4CAA-9933-3E985971CA09}.Distribution|Mixed Platforms.Build.0 = Debug|x86
		{203217C4-C813-4CAA-9933-3E985971CA09}.Distribution|Win32.ActiveCfg = Debug|x86
		{203217C4-C813-4CAA-9933-3E985971CA09}.Distribution|Win32.Build.0 = Debug|x86
		{203217C4-C813-4CAA-9933-3E985971CA09}.Distribution|Windows Phone.ActiveCfg = Debug|Any CPU
		{203217C4-C813-4CAA-9933-3E985971CA09}.Distribution|Windows Phone.Build.0 = Debug|Any CPU
		{203217C4-C813-4CAA-9933-3E985971CA09}.Distribution|Windows Phone (Universal).ActiveCfg = Debug|Any CPU
		{203217C4-C813-4CAA-9933-3E985971CA09}.Distribution|Windows Phone (Universal).Build.0 = Debug|Any CPU
		{203217C4-C813-4CAA-9933-3E985971CA09}.Distribution|Windows Phone 8.ActiveCfg = Debug|Any CPU
		{203217C4-C813-4CAA-9933-3E985971CA09}.Distribution|Windows Phone 8.Build.0 = Debug|Any CPU
		{203217C4-C813-4CAA-9933-3E985971CA09}.Distribution|Windows-AnyCPU.ActiveCfg = Debug|Any CPU
		{203217C4-C813-4CAA-9933-3E985971CA09}.Distribution|Windows-AnyCPU.Build.0 = Debug|Any CPU
		{203217C4-C813-4CAA-9933-3E985971CA09}.Distribution|Windows-ARM.ActiveCfg = Debug|Any CPU
		{203217C4-C813-4CAA-9933-3E985971CA09}.Distribution|Windows-ARM.Build.0 = Debug|Any CPU
		{203217C4-C813-4CAA-9933-3E985971CA09}.Distribution|Windows-x64.ActiveCfg = Debug|Any CPU
		{203217C4-C813-4CAA-9933-3E985971CA09}.Distribution|Windows-x64.Build.0 = Debug|Any CPU
		{203217C4-C813-4CAA-9933-3E985971CA09}.Distribution|Windows-x86.ActiveCfg = Debug|Any CPU
		{203217C4-C813-4CAA-9933-3E985971CA09}.Distribution|Windows-x86.Build.0 = Debug|Any CPU
		{203217C4-C813-4CAA-9933-3E985971CA09}.Distribution|x64.ActiveCfg = Debug|x64
		{203217C4-C813-4CAA-9933-3E985971CA09}.Distribution|x64.Build.0 = Debug|x64
		{203217C4-C813-4CAA-9933-3E985971CA09}.Distribution|x86.ActiveCfg = Debug|x86
		{203217C4-C813-4CAA-9933-3E985971CA09}.Distribution|x86.Build.0 = Debug|x86
		{203217C4-C813-4CAA-9933-3E985971CA09}.Release|Android.ActiveCfg = Release|Any CPU
		{203217C4-C813-4CAA-9933-3E985971CA09}.Release|Android.Build.0 = Release|Any CPU
		{203217C4-C813-4CAA-9933-3E985971CA09}.Release|Any CPU.ActiveCfg = Release|Any CPU
		{203217C4-C813-4CAA-9933-3E985971CA09}.Release|Any CPU.Build.0 = Release|Any CPU
		{203217C4-C813-4CAA-9933-3E985971CA09}.Release|ARM.ActiveCfg = Release|ARM
		{203217C4-C813-4CAA-9933-3E985971CA09}.Release|ARM.Build.0 = Release|ARM
		{203217C4-C813-4CAA-9933-3E985971CA09}.Release|iOS.ActiveCfg = Release|Any CPU
		{203217C4-C813-4CAA-9933-3E985971CA09}.Release|iOS.Build.0 = Release|Any CPU
		{203217C4-C813-4CAA-9933-3E985971CA09}.Release|Mixed Platforms.ActiveCfg = Release|x86
		{203217C4-C813-4CAA-9933-3E985971CA09}.Release|Mixed Platforms.Build.0 = Release|x86
		{203217C4-C813-4CAA-9933-3E985971CA09}.Release|Win32.ActiveCfg = Release|x86
		{203217C4-C813-4CAA-9933-3E985971CA09}.Release|Win32.Build.0 = Release|x86
		{203217C4-C813-4CAA-9933-3E985971CA09}.Release|Windows Phone.ActiveCfg = Release|Any CPU
		{203217C4-C813-4CAA-9933-3E985971CA09}.Release|Windows Phone.Build.0 = Release|Any CPU
		{203217C4-C813-4CAA-9933-3E985971CA09}.Release|Windows Phone (Universal).ActiveCfg = Release|Any CPU
		{203217C4-C813-4CAA-9933-3E985971CA09}.Release|Windows Phone (Universal).Build.0 = Release|Any CPU
		{203217C4-C813-4CAA-9933-3E985971CA09}.Release|Windows Phone 8.ActiveCfg = Release|Any CPU
		{203217C4-C813-4CAA-9933-3E985971CA09}.Release|Windows Phone 8.Build.0 = Release|Any CPU
		{203217C4-C813-4CAA-9933-3E985971CA09}.Release|Windows-AnyCPU.ActiveCfg = Release|Any CPU
		{203217C4-C813-4CAA-9933-3E985971CA09}.Release|Windows-AnyCPU.Build.0 = Release|Any CPU
		{203217C4-C813-4CAA-9933-3E985971CA09}.Release|Windows-ARM.ActiveCfg = Release|Any CPU
		{203217C4-C813-4CAA-9933-3E985971CA09}.Release|Windows-ARM.Build.0 = Release|Any CPU
		{203217C4-C813-4CAA-9933-3E985971CA09}.Release|Windows-x64.ActiveCfg = Release|Any CPU
		{203217C4-C813-4CAA-9933-3E985971CA09}.Release|Windows-x64.Build.0 = Release|Any CPU
		{203217C4-C813-4CAA-9933-3E985971CA09}.Release|Windows-x86.ActiveCfg = Release|Any CPU
		{203217C4-C813-4CAA-9933-3E985971CA09}.Release|Windows-x86.Build.0 = Release|Any CPU
		{203217C4-C813-4CAA-9933-3E985971CA09}.Release|x64.ActiveCfg = Release|x64
		{203217C4-C813-4CAA-9933-3E985971CA09}.Release|x64.Build.0 = Release|x64
		{203217C4-C813-4CAA-9933-3E985971CA09}.Release|x86.ActiveCfg = Release|x86
		{203217C4-C813-4CAA-9933-3E985971CA09}.Release|x86.Build.0 = Release|x86
		{A50C9379-342A-45AF-B4F2-FB55C0517C2B}.Debug|Android.ActiveCfg = Debug|Any CPU
		{A50C9379-342A-45AF-B4F2-FB55C0517C2B}.Debug|Android.Build.0 = Debug|Any CPU
		{A50C9379-342A-45AF-B4F2-FB55C0517C2B}.Debug|Any CPU.ActiveCfg = Debug|Any CPU
		{A50C9379-342A-45AF-B4F2-FB55C0517C2B}.Debug|Any CPU.Build.0 = Debug|Any CPU
		{A50C9379-342A-45AF-B4F2-FB55C0517C2B}.Debug|ARM.ActiveCfg = Debug|ARM
		{A50C9379-342A-45AF-B4F2-FB55C0517C2B}.Debug|ARM.Build.0 = Debug|ARM
		{A50C9379-342A-45AF-B4F2-FB55C0517C2B}.Debug|iOS.ActiveCfg = Debug|Any CPU
		{A50C9379-342A-45AF-B4F2-FB55C0517C2B}.Debug|iOS.Build.0 = Debug|Any CPU
		{A50C9379-342A-45AF-B4F2-FB55C0517C2B}.Debug|Mixed Platforms.ActiveCfg = Debug|x86
		{A50C9379-342A-45AF-B4F2-FB55C0517C2B}.Debug|Mixed Platforms.Build.0 = Debug|x86
		{A50C9379-342A-45AF-B4F2-FB55C0517C2B}.Debug|Win32.ActiveCfg = Debug|x86
		{A50C9379-342A-45AF-B4F2-FB55C0517C2B}.Debug|Win32.Build.0 = Debug|x86
		{A50C9379-342A-45AF-B4F2-FB55C0517C2B}.Debug|Windows Phone.ActiveCfg = Debug|Any CPU
		{A50C9379-342A-45AF-B4F2-FB55C0517C2B}.Debug|Windows Phone.Build.0 = Debug|Any CPU
		{A50C9379-342A-45AF-B4F2-FB55C0517C2B}.Debug|Windows Phone (Universal).ActiveCfg = Debug|Any CPU
		{A50C9379-342A-45AF-B4F2-FB55C0517C2B}.Debug|Windows Phone (Universal).Build.0 = Debug|Any CPU
		{A50C9379-342A-45AF-B4F2-FB55C0517C2B}.Debug|Windows Phone 8.ActiveCfg = Debug|Any CPU
		{A50C9379-342A-45AF-B4F2-FB55C0517C2B}.Debug|Windows Phone 8.Build.0 = Debug|Any CPU
		{A50C9379-342A-45AF-B4F2-FB55C0517C2B}.Debug|Windows-AnyCPU.ActiveCfg = Debug|Any CPU
		{A50C9379-342A-45AF-B4F2-FB55C0517C2B}.Debug|Windows-AnyCPU.Build.0 = Debug|Any CPU
		{A50C9379-342A-45AF-B4F2-FB55C0517C2B}.Debug|Windows-ARM.ActiveCfg = Debug|Any CPU
		{A50C9379-342A-45AF-B4F2-FB55C0517C2B}.Debug|Windows-ARM.Build.0 = Debug|Any CPU
		{A50C9379-342A-45AF-B4F2-FB55C0517C2B}.Debug|Windows-x64.ActiveCfg = Debug|Any CPU
		{A50C9379-342A-45AF-B4F2-FB55C0517C2B}.Debug|Windows-x64.Build.0 = Debug|Any CPU
		{A50C9379-342A-45AF-B4F2-FB55C0517C2B}.Debug|Windows-x86.ActiveCfg = Debug|Any CPU
		{A50C9379-342A-45AF-B4F2-FB55C0517C2B}.Debug|Windows-x86.Build.0 = Debug|Any CPU
		{A50C9379-342A-45AF-B4F2-FB55C0517C2B}.Debug|x64.ActiveCfg = Debug|x64
		{A50C9379-342A-45AF-B4F2-FB55C0517C2B}.Debug|x64.Build.0 = Debug|x64
		{A50C9379-342A-45AF-B4F2-FB55C0517C2B}.Debug|x86.ActiveCfg = Debug|x86
		{A50C9379-342A-45AF-B4F2-FB55C0517C2B}.Debug|x86.Build.0 = Debug|x86
		{A50C9379-342A-45AF-B4F2-FB55C0517C2B}.Distribution|Android.ActiveCfg = Debug|Any CPU
		{A50C9379-342A-45AF-B4F2-FB55C0517C2B}.Distribution|Android.Build.0 = Debug|Any CPU
		{A50C9379-342A-45AF-B4F2-FB55C0517C2B}.Distribution|Any CPU.ActiveCfg = Debug|Any CPU
		{A50C9379-342A-45AF-B4F2-FB55C0517C2B}.Distribution|Any CPU.Build.0 = Debug|Any CPU
		{A50C9379-342A-45AF-B4F2-FB55C0517C2B}.Distribution|ARM.ActiveCfg = Debug|ARM
		{A50C9379-342A-45AF-B4F2-FB55C0517C2B}.Distribution|ARM.Build.0 = Debug|ARM
		{A50C9379-342A-45AF-B4F2-FB55C0517C2B}.Distribution|iOS.ActiveCfg = Debug|Any CPU
		{A50C9379-342A-45AF-B4F2-FB55C0517C2B}.Distribution|iOS.Build.0 = Debug|Any CPU
		{A50C9379-342A-45AF-B4F2-FB55C0517C2B}.Distribution|Mixed Platforms.ActiveCfg = Debug|x86
		{A50C9379-342A-45AF-B4F2-FB55C0517C2B}.Distribution|Mixed Platforms.Build.0 = Debug|x86
		{A50C9379-342A-45AF-B4F2-FB55C0517C2B}.Distribution|Win32.ActiveCfg = Debug|x86
		{A50C9379-342A-45AF-B4F2-FB55C0517C2B}.Distribution|Win32.Build.0 = Debug|x86
		{A50C9379-342A-45AF-B4F2-FB55C0517C2B}.Distribution|Windows Phone.ActiveCfg = Debug|Any CPU
		{A50C9379-342A-45AF-B4F2-FB55C0517C2B}.Distribution|Windows Phone.Build.0 = Debug|Any CPU
		{A50C9379-342A-45AF-B4F2-FB55C0517C2B}.Distribution|Windows Phone (Universal).ActiveCfg = Debug|Any CPU
		{A50C9379-342A-45AF-B4F2-FB55C0517C2B}.Distribution|Windows Phone (Universal).Build.0 = Debug|Any CPU
		{A50C9379-342A-45AF-B4F2-FB55C0517C2B}.Distribution|Windows Phone 8.ActiveCfg = Debug|Any CPU
		{A50C9379-342A-45AF-B4F2-FB55C0517C2B}.Distribution|Windows Phone 8.Build.0 = Debug|Any CPU
		{A50C9379-342A-45AF-B4F2-FB55C0517C2B}.Distribution|Windows-AnyCPU.ActiveCfg = Debug|Any CPU
		{A50C9379-342A-45AF-B4F2-FB55C0517C2B}.Distribution|Windows-AnyCPU.Build.0 = Debug|Any CPU
		{A50C9379-342A-45AF-B4F2-FB55C0517C2B}.Distribution|Windows-ARM.ActiveCfg = Debug|Any CPU
		{A50C9379-342A-45AF-B4F2-FB55C0517C2B}.Distribution|Windows-ARM.Build.0 = Debug|Any CPU
		{A50C9379-342A-45AF-B4F2-FB55C0517C2B}.Distribution|Windows-x64.ActiveCfg = Debug|Any CPU
		{A50C9379-342A-45AF-B4F2-FB55C0517C2B}.Distribution|Windows-x64.Build.0 = Debug|Any CPU
		{A50C9379-342A-45AF-B4F2-FB55C0517C2B}.Distribution|Windows-x86.ActiveCfg = Debug|Any CPU
		{A50C9379-342A-45AF-B4F2-FB55C0517C2B}.Distribution|Windows-x86.Build.0 = Debug|Any CPU
		{A50C9379-342A-45AF-B4F2-FB55C0517C2B}.Distribution|x64.ActiveCfg = Debug|x64
		{A50C9379-342A-45AF-B4F2-FB55C0517C2B}.Distribution|x64.Build.0 = Debug|x64
		{A50C9379-342A-45AF-B4F2-FB55C0517C2B}.Distribution|x86.ActiveCfg = Debug|x86
		{A50C9379-342A-45AF-B4F2-FB55C0517C2B}.Distribution|x86.Build.0 = Debug|x86
		{A50C9379-342A-45AF-B4F2-FB55C0517C2B}.Release|Android.ActiveCfg = Release|Any CPU
		{A50C9379-342A-45AF-B4F2-FB55C0517C2B}.Release|Android.Build.0 = Release|Any CPU
		{A50C9379-342A-45AF-B4F2-FB55C0517C2B}.Release|Any CPU.ActiveCfg = Release|Any CPU
		{A50C9379-342A-45AF-B4F2-FB55C0517C2B}.Release|Any CPU.Build.0 = Release|Any CPU
		{A50C9379-342A-45AF-B4F2-FB55C0517C2B}.Release|ARM.ActiveCfg = Release|ARM
		{A50C9379-342A-45AF-B4F2-FB55C0517C2B}.Release|ARM.Build.0 = Release|ARM
		{A50C9379-342A-45AF-B4F2-FB55C0517C2B}.Release|iOS.ActiveCfg = Release|Any CPU
		{A50C9379-342A-45AF-B4F2-FB55C0517C2B}.Release|iOS.Build.0 = Release|Any CPU
		{A50C9379-342A-45AF-B4F2-FB55C0517C2B}.Release|Mixed Platforms.ActiveCfg = Release|x86
		{A50C9379-342A-45AF-B4F2-FB55C0517C2B}.Release|Mixed Platforms.Build.0 = Release|x86
		{A50C9379-342A-45AF-B4F2-FB55C0517C2B}.Release|Win32.ActiveCfg = Release|x86
		{A50C9379-342A-45AF-B4F2-FB55C0517C2B}.Release|Win32.Build.0 = Release|x86
		{A50C9379-342A-45AF-B4F2-FB55C0517C2B}.Release|Windows Phone.ActiveCfg = Release|Any CPU
		{A50C9379-342A-45AF-B4F2-FB55C0517C2B}.Release|Windows Phone.Build.0 = Release|Any CPU
		{A50C9379-342A-45AF-B4F2-FB55C0517C2B}.Release|Windows Phone (Universal).ActiveCfg = Release|Any CPU
		{A50C9379-342A-45AF-B4F2-FB55C0517C2B}.Release|Windows Phone (Universal).Build.0 = Release|Any CPU
		{A50C9379-342A-45AF-B4F2-FB55C0517C2B}.Release|Windows Phone 8.ActiveCfg = Release|Any CPU
		{A50C9379-342A-45AF-B4F2-FB55C0517C2B}.Release|Windows Phone 8.Build.0 = Release|Any CPU
		{A50C9379-342A-45AF-B4F2-FB55C0517C2B}.Release|Windows-AnyCPU.ActiveCfg = Release|Any CPU
		{A50C9379-342A-45AF-B4F2-FB55C0517C2B}.Release|Windows-AnyCPU.Build.0 = Release|Any CPU
		{A50C9379-342A-45AF-B4F2-FB55C0517C2B}.Release|Windows-ARM.ActiveCfg = Release|Any CPU
		{A50C9379-342A-45AF-B4F2-FB55C0517C2B}.Release|Windows-ARM.Build.0 = Release|Any CPU
		{A50C9379-342A-45AF-B4F2-FB55C0517C2B}.Release|Windows-x64.ActiveCfg = Release|Any CPU
		{A50C9379-342A-45AF-B4F2-FB55C0517C2B}.Release|Windows-x64.Build.0 = Release|Any CPU
		{A50C9379-342A-45AF-B4F2-FB55C0517C2B}.Release|Windows-x86.ActiveCfg = Release|Any CPU
		{A50C9379-342A-45AF-B4F2-FB55C0517C2B}.Release|Windows-x86.Build.0 = Release|Any CPU
		{A50C9379-342A-45AF-B4F2-FB55C0517C2B}.Release|x64.ActiveCfg = Release|x64
		{A50C9379-342A-45AF-B4F2-FB55C0517C2B}.Release|x64.Build.0 = Release|x64
		{A50C9379-342A-45AF-B4F2-FB55C0517C2B}.Release|x86.ActiveCfg = Release|x86
		{A50C9379-342A-45AF-B4F2-FB55C0517C2B}.Release|x86.Build.0 = Release|x86
		{2F78291C-22CD-410E-8B0F-98A9AF464361}.Debug|Android.ActiveCfg = Debug|Any CPU
		{2F78291C-22CD-410E-8B0F-98A9AF464361}.Debug|Android.Build.0 = Debug|Any CPU
		{2F78291C-22CD-410E-8B0F-98A9AF464361}.Debug|Android.Deploy.0 = Debug|Any CPU
		{2F78291C-22CD-410E-8B0F-98A9AF464361}.Debug|Any CPU.ActiveCfg = Debug|Any CPU
		{2F78291C-22CD-410E-8B0F-98A9AF464361}.Debug|Any CPU.Build.0 = Debug|Any CPU
		{2F78291C-22CD-410E-8B0F-98A9AF464361}.Debug|Any CPU.Deploy.0 = Debug|Any CPU
		{2F78291C-22CD-410E-8B0F-98A9AF464361}.Debug|ARM.ActiveCfg = Debug|ARM
		{2F78291C-22CD-410E-8B0F-98A9AF464361}.Debug|ARM.Build.0 = Debug|ARM
		{2F78291C-22CD-410E-8B0F-98A9AF464361}.Debug|ARM.Deploy.0 = Debug|ARM
		{2F78291C-22CD-410E-8B0F-98A9AF464361}.Debug|iOS.ActiveCfg = Debug|Any CPU
		{2F78291C-22CD-410E-8B0F-98A9AF464361}.Debug|iOS.Build.0 = Debug|Any CPU
		{2F78291C-22CD-410E-8B0F-98A9AF464361}.Debug|iOS.Deploy.0 = Debug|Any CPU
		{2F78291C-22CD-410E-8B0F-98A9AF464361}.Debug|Mixed Platforms.ActiveCfg = Debug|x86
		{2F78291C-22CD-410E-8B0F-98A9AF464361}.Debug|Mixed Platforms.Build.0 = Debug|x86
		{2F78291C-22CD-410E-8B0F-98A9AF464361}.Debug|Mixed Platforms.Deploy.0 = Debug|x86
		{2F78291C-22CD-410E-8B0F-98A9AF464361}.Debug|Win32.ActiveCfg = Debug|x86
		{2F78291C-22CD-410E-8B0F-98A9AF464361}.Debug|Win32.Build.0 = Debug|x86
		{2F78291C-22CD-410E-8B0F-98A9AF464361}.Debug|Win32.Deploy.0 = Debug|x86
		{2F78291C-22CD-410E-8B0F-98A9AF464361}.Debug|Windows Phone.ActiveCfg = Debug|Any CPU
		{2F78291C-22CD-410E-8B0F-98A9AF464361}.Debug|Windows Phone.Build.0 = Debug|Any CPU
		{2F78291C-22CD-410E-8B0F-98A9AF464361}.Debug|Windows Phone.Deploy.0 = Debug|Any CPU
		{2F78291C-22CD-410E-8B0F-98A9AF464361}.Debug|Windows Phone (Universal).ActiveCfg = Debug|Any CPU
		{2F78291C-22CD-410E-8B0F-98A9AF464361}.Debug|Windows Phone (Universal).Build.0 = Debug|Any CPU
		{2F78291C-22CD-410E-8B0F-98A9AF464361}.Debug|Windows Phone (Universal).Deploy.0 = Debug|Any CPU
		{2F78291C-22CD-410E-8B0F-98A9AF464361}.Debug|Windows Phone 8.ActiveCfg = Debug|Any CPU
		{2F78291C-22CD-410E-8B0F-98A9AF464361}.Debug|Windows Phone 8.Build.0 = Debug|Any CPU
		{2F78291C-22CD-410E-8B0F-98A9AF464361}.Debug|Windows Phone 8.Deploy.0 = Debug|Any CPU
		{2F78291C-22CD-410E-8B0F-98A9AF464361}.Debug|Windows-AnyCPU.ActiveCfg = Debug|Any CPU
		{2F78291C-22CD-410E-8B0F-98A9AF464361}.Debug|Windows-AnyCPU.Build.0 = Debug|Any CPU
		{2F78291C-22CD-410E-8B0F-98A9AF464361}.Debug|Windows-AnyCPU.Deploy.0 = Debug|Any CPU
		{2F78291C-22CD-410E-8B0F-98A9AF464361}.Debug|Windows-ARM.ActiveCfg = Debug|Any CPU
		{2F78291C-22CD-410E-8B0F-98A9AF464361}.Debug|Windows-ARM.Build.0 = Debug|Any CPU
		{2F78291C-22CD-410E-8B0F-98A9AF464361}.Debug|Windows-ARM.Deploy.0 = Debug|Any CPU
		{2F78291C-22CD-410E-8B0F-98A9AF464361}.Debug|Windows-x64.ActiveCfg = Debug|Any CPU
		{2F78291C-22CD-410E-8B0F-98A9AF464361}.Debug|Windows-x64.Build.0 = Debug|Any CPU
		{2F78291C-22CD-410E-8B0F-98A9AF464361}.Debug|Windows-x64.Deploy.0 = Debug|Any CPU
		{2F78291C-22CD-410E-8B0F-98A9AF464361}.Debug|Windows-x86.ActiveCfg = Debug|Any CPU
		{2F78291C-22CD-410E-8B0F-98A9AF464361}.Debug|Windows-x86.Build.0 = Debug|Any CPU
		{2F78291C-22CD-410E-8B0F-98A9AF464361}.Debug|Windows-x86.Deploy.0 = Debug|Any CPU
		{2F78291C-22CD-410E-8B0F-98A9AF464361}.Debug|x64.ActiveCfg = Debug|x64
		{2F78291C-22CD-410E-8B0F-98A9AF464361}.Debug|x64.Build.0 = Debug|x64
		{2F78291C-22CD-410E-8B0F-98A9AF464361}.Debug|x64.Deploy.0 = Debug|x64
		{2F78291C-22CD-410E-8B0F-98A9AF464361}.Debug|x86.ActiveCfg = Debug|x86
		{2F78291C-22CD-410E-8B0F-98A9AF464361}.Debug|x86.Build.0 = Debug|x86
		{2F78291C-22CD-410E-8B0F-98A9AF464361}.Debug|x86.Deploy.0 = Debug|x86
		{2F78291C-22CD-410E-8B0F-98A9AF464361}.Distribution|Android.ActiveCfg = Debug|Any CPU
		{2F78291C-22CD-410E-8B0F-98A9AF464361}.Distribution|Android.Build.0 = Debug|Any CPU
		{2F78291C-22CD-410E-8B0F-98A9AF464361}.Distribution|Android.Deploy.0 = Debug|Any CPU
		{2F78291C-22CD-410E-8B0F-98A9AF464361}.Distribution|Any CPU.ActiveCfg = Debug|Any CPU
		{2F78291C-22CD-410E-8B0F-98A9AF464361}.Distribution|Any CPU.Build.0 = Debug|Any CPU
		{2F78291C-22CD-410E-8B0F-98A9AF464361}.Distribution|Any CPU.Deploy.0 = Debug|Any CPU
		{2F78291C-22CD-410E-8B0F-98A9AF464361}.Distribution|ARM.ActiveCfg = Debug|ARM
		{2F78291C-22CD-410E-8B0F-98A9AF464361}.Distribution|ARM.Build.0 = Debug|ARM
		{2F78291C-22CD-410E-8B0F-98A9AF464361}.Distribution|ARM.Deploy.0 = Debug|ARM
		{2F78291C-22CD-410E-8B0F-98A9AF464361}.Distribution|iOS.ActiveCfg = Debug|Any CPU
		{2F78291C-22CD-410E-8B0F-98A9AF464361}.Distribution|iOS.Build.0 = Debug|Any CPU
		{2F78291C-22CD-410E-8B0F-98A9AF464361}.Distribution|iOS.Deploy.0 = Debug|Any CPU
		{2F78291C-22CD-410E-8B0F-98A9AF464361}.Distribution|Mixed Platforms.ActiveCfg = Debug|x86
		{2F78291C-22CD-410E-8B0F-98A9AF464361}.Distribution|Mixed Platforms.Build.0 = Debug|x86
		{2F78291C-22CD-410E-8B0F-98A9AF464361}.Distribution|Mixed Platforms.Deploy.0 = Debug|x86
		{2F78291C-22CD-410E-8B0F-98A9AF464361}.Distribution|Win32.ActiveCfg = Debug|x86
		{2F78291C-22CD-410E-8B0F-98A9AF464361}.Distribution|Win32.Build.0 = Debug|x86
		{2F78291C-22CD-410E-8B0F-98A9AF464361}.Distribution|Win32.Deploy.0 = Debug|x86
		{2F78291C-22CD-410E-8B0F-98A9AF464361}.Distribution|Windows Phone.ActiveCfg = Debug|Any CPU
		{2F78291C-22CD-410E-8B0F-98A9AF464361}.Distribution|Windows Phone.Build.0 = Debug|Any CPU
		{2F78291C-22CD-410E-8B0F-98A9AF464361}.Distribution|Windows Phone.Deploy.0 = Debug|Any CPU
		{2F78291C-22CD-410E-8B0F-98A9AF464361}.Distribution|Windows Phone (Universal).ActiveCfg = Debug|Any CPU
		{2F78291C-22CD-410E-8B0F-98A9AF464361}.Distribution|Windows Phone (Universal).Build.0 = Debug|Any CPU
		{2F78291C-22CD-410E-8B0F-98A9AF464361}.Distribution|Windows Phone (Universal).Deploy.0 = Debug|Any CPU
		{2F78291C-22CD-410E-8B0F-98A9AF464361}.Distribution|Windows Phone 8.ActiveCfg = Debug|Any CPU
		{2F78291C-22CD-410E-8B0F-98A9AF464361}.Distribution|Windows Phone 8.Build.0 = Debug|Any CPU
		{2F78291C-22CD-410E-8B0F-98A9AF464361}.Distribution|Windows Phone 8.Deploy.0 = Debug|Any CPU
		{2F78291C-22CD-410E-8B0F-98A9AF464361}.Distribution|Windows-AnyCPU.ActiveCfg = Debug|Any CPU
		{2F78291C-22CD-410E-8B0F-98A9AF464361}.Distribution|Windows-AnyCPU.Build.0 = Debug|Any CPU
		{2F78291C-22CD-410E-8B0F-98A9AF464361}.Distribution|Windows-AnyCPU.Deploy.0 = Debug|Any CPU
		{2F78291C-22CD-410E-8B0F-98A9AF464361}.Distribution|Windows-ARM.ActiveCfg = Debug|Any CPU
		{2F78291C-22CD-410E-8B0F-98A9AF464361}.Distribution|Windows-ARM.Build.0 = Debug|Any CPU
		{2F78291C-22CD-410E-8B0F-98A9AF464361}.Distribution|Windows-ARM.Deploy.0 = Debug|Any CPU
		{2F78291C-22CD-410E-8B0F-98A9AF464361}.Distribution|Windows-x64.ActiveCfg = Debug|Any CPU
		{2F78291C-22CD-410E-8B0F-98A9AF464361}.Distribution|Windows-x64.Build.0 = Debug|Any CPU
		{2F78291C-22CD-410E-8B0F-98A9AF464361}.Distribution|Windows-x64.Deploy.0 = Debug|Any CPU
		{2F78291C-22CD-410E-8B0F-98A9AF464361}.Distribution|Windows-x86.ActiveCfg = Debug|Any CPU
		{2F78291C-22CD-410E-8B0F-98A9AF464361}.Distribution|Windows-x86.Build.0 = Debug|Any CPU
		{2F78291C-22CD-410E-8B0F-98A9AF464361}.Distribution|Windows-x86.Deploy.0 = Debug|Any CPU
		{2F78291C-22CD-410E-8B0F-98A9AF464361}.Distribution|x64.ActiveCfg = Debug|x64
		{2F78291C-22CD-410E-8B0F-98A9AF464361}.Distribution|x64.Build.0 = Debug|x64
		{2F78291C-22CD-410E-8B0F-98A9AF464361}.Distribution|x64.Deploy.0 = Debug|x64
		{2F78291C-22CD-410E-8B0F-98A9AF464361}.Distribution|x86.ActiveCfg = Debug|x86
		{2F78291C-22CD-410E-8B0F-98A9AF464361}.Distribution|x86.Build.0 = Debug|x86
		{2F78291C-22CD-410E-8B0F-98A9AF464361}.Distribution|x86.Deploy.0 = Debug|x86
		{2F78291C-22CD-410E-8B0F-98A9AF464361}.Release|Android.ActiveCfg = Release|Any CPU
		{2F78291C-22CD-410E-8B0F-98A9AF464361}.Release|Android.Build.0 = Release|Any CPU
		{2F78291C-22CD-410E-8B0F-98A9AF464361}.Release|Android.Deploy.0 = Release|Any CPU
		{2F78291C-22CD-410E-8B0F-98A9AF464361}.Release|Any CPU.ActiveCfg = Release|Any CPU
		{2F78291C-22CD-410E-8B0F-98A9AF464361}.Release|Any CPU.Build.0 = Release|Any CPU
		{2F78291C-22CD-410E-8B0F-98A9AF464361}.Release|Any CPU.Deploy.0 = Release|Any CPU
		{2F78291C-22CD-410E-8B0F-98A9AF464361}.Release|ARM.ActiveCfg = Release|ARM
		{2F78291C-22CD-410E-8B0F-98A9AF464361}.Release|ARM.Build.0 = Release|ARM
		{2F78291C-22CD-410E-8B0F-98A9AF464361}.Release|ARM.Deploy.0 = Release|ARM
		{2F78291C-22CD-410E-8B0F-98A9AF464361}.Release|iOS.ActiveCfg = Release|Any CPU
		{2F78291C-22CD-410E-8B0F-98A9AF464361}.Release|iOS.Build.0 = Release|Any CPU
		{2F78291C-22CD-410E-8B0F-98A9AF464361}.Release|iOS.Deploy.0 = Release|Any CPU
		{2F78291C-22CD-410E-8B0F-98A9AF464361}.Release|Mixed Platforms.ActiveCfg = Release|x86
		{2F78291C-22CD-410E-8B0F-98A9AF464361}.Release|Mixed Platforms.Build.0 = Release|x86
		{2F78291C-22CD-410E-8B0F-98A9AF464361}.Release|Mixed Platforms.Deploy.0 = Release|x86
		{2F78291C-22CD-410E-8B0F-98A9AF464361}.Release|Win32.ActiveCfg = Release|x86
		{2F78291C-22CD-410E-8B0F-98A9AF464361}.Release|Win32.Build.0 = Release|x86
		{2F78291C-22CD-410E-8B0F-98A9AF464361}.Release|Win32.Deploy.0 = Release|x86
		{2F78291C-22CD-410E-8B0F-98A9AF464361}.Release|Windows Phone.ActiveCfg = Release|Any CPU
		{2F78291C-22CD-410E-8B0F-98A9AF464361}.Release|Windows Phone.Build.0 = Release|Any CPU
		{2F78291C-22CD-410E-8B0F-98A9AF464361}.Release|Windows Phone.Deploy.0 = Release|Any CPU
		{2F78291C-22CD-410E-8B0F-98A9AF464361}.Release|Windows Phone (Universal).ActiveCfg = Release|Any CPU
		{2F78291C-22CD-410E-8B0F-98A9AF464361}.Release|Windows Phone (Universal).Build.0 = Release|Any CPU
		{2F78291C-22CD-410E-8B0F-98A9AF464361}.Release|Windows Phone (Universal).Deploy.0 = Release|Any CPU
		{2F78291C-22CD-410E-8B0F-98A9AF464361}.Release|Windows Phone 8.ActiveCfg = Release|Any CPU
		{2F78291C-22CD-410E-8B0F-98A9AF464361}.Release|Windows Phone 8.Build.0 = Release|Any CPU
		{2F78291C-22CD-410E-8B0F-98A9AF464361}.Release|Windows Phone 8.Deploy.0 = Release|Any CPU
		{2F78291C-22CD-410E-8B0F-98A9AF464361}.Release|Windows-AnyCPU.ActiveCfg = Release|Any CPU
		{2F78291C-22CD-410E-8B0F-98A9AF464361}.Release|Windows-AnyCPU.Build.0 = Release|Any CPU
		{2F78291C-22CD-410E-8B0F-98A9AF464361}.Release|Windows-AnyCPU.Deploy.0 = Release|Any CPU
		{2F78291C-22CD-410E-8B0F-98A9AF464361}.Release|Windows-ARM.ActiveCfg = Release|Any CPU
		{2F78291C-22CD-410E-8B0F-98A9AF464361}.Release|Windows-ARM.Build.0 = Release|Any CPU
		{2F78291C-22CD-410E-8B0F-98A9AF464361}.Release|Windows-ARM.Deploy.0 = Release|Any CPU
		{2F78291C-22CD-410E-8B0F-98A9AF464361}.Release|Windows-x64.ActiveCfg = Release|Any CPU
		{2F78291C-22CD-410E-8B0F-98A9AF464361}.Release|Windows-x64.Build.0 = Release|Any CPU
		{2F78291C-22CD-410E-8B0F-98A9AF464361}.Release|Windows-x64.Deploy.0 = Release|Any CPU
		{2F78291C-22CD-410E-8B0F-98A9AF464361}.Release|Windows-x86.ActiveCfg = Release|Any CPU
		{2F78291C-22CD-410E-8B0F-98A9AF464361}.Release|Windows-x86.Build.0 = Release|Any CPU
		{2F78291C-22CD-410E-8B0F-98A9AF464361}.Release|Windows-x86.Deploy.0 = Release|Any CPU
		{2F78291C-22CD-410E-8B0F-98A9AF464361}.Release|x64.ActiveCfg = Release|x64
		{2F78291C-22CD-410E-8B0F-98A9AF464361}.Release|x64.Build.0 = Release|x64
		{2F78291C-22CD-410E-8B0F-98A9AF464361}.Release|x64.Deploy.0 = Release|x64
		{2F78291C-22CD-410E-8B0F-98A9AF464361}.Release|x86.ActiveCfg = Release|x86
		{2F78291C-22CD-410E-8B0F-98A9AF464361}.Release|x86.Build.0 = Release|x86
		{2F78291C-22CD-410E-8B0F-98A9AF464361}.Release|x86.Deploy.0 = Release|x86
		{86021BC6-AE6C-47B2-9D08-8E352C46E277}.Debug|Android.ActiveCfg = Debug|Any CPU
		{86021BC6-AE6C-47B2-9D08-8E352C46E277}.Debug|Android.Build.0 = Debug|Any CPU
		{86021BC6-AE6C-47B2-9D08-8E352C46E277}.Debug|Any CPU.ActiveCfg = Debug|Any CPU
		{86021BC6-AE6C-47B2-9D08-8E352C46E277}.Debug|Any CPU.Build.0 = Debug|Any CPU
		{86021BC6-AE6C-47B2-9D08-8E352C46E277}.Debug|ARM.ActiveCfg = Debug|Any CPU
		{86021BC6-AE6C-47B2-9D08-8E352C46E277}.Debug|ARM.Build.0 = Debug|Any CPU
		{86021BC6-AE6C-47B2-9D08-8E352C46E277}.Debug|iOS.ActiveCfg = Debug|Any CPU
		{86021BC6-AE6C-47B2-9D08-8E352C46E277}.Debug|iOS.Build.0 = Debug|Any CPU
		{86021BC6-AE6C-47B2-9D08-8E352C46E277}.Debug|Mixed Platforms.ActiveCfg = Debug|Any CPU
		{86021BC6-AE6C-47B2-9D08-8E352C46E277}.Debug|Mixed Platforms.Build.0 = Debug|Any CPU
		{86021BC6-AE6C-47B2-9D08-8E352C46E277}.Debug|Win32.ActiveCfg = Debug|Any CPU
		{86021BC6-AE6C-47B2-9D08-8E352C46E277}.Debug|Win32.Build.0 = Debug|Any CPU
		{86021BC6-AE6C-47B2-9D08-8E352C46E277}.Debug|Windows Phone.ActiveCfg = Debug|Any CPU
		{86021BC6-AE6C-47B2-9D08-8E352C46E277}.Debug|Windows Phone.Build.0 = Debug|Any CPU
		{86021BC6-AE6C-47B2-9D08-8E352C46E277}.Debug|Windows Phone (Universal).ActiveCfg = Debug|Any CPU
		{86021BC6-AE6C-47B2-9D08-8E352C46E277}.Debug|Windows Phone (Universal).Build.0 = Debug|Any CPU
		{86021BC6-AE6C-47B2-9D08-8E352C46E277}.Debug|Windows Phone 8.ActiveCfg = Debug|Any CPU
		{86021BC6-AE6C-47B2-9D08-8E352C46E277}.Debug|Windows Phone 8.Build.0 = Debug|Any CPU
		{86021BC6-AE6C-47B2-9D08-8E352C46E277}.Debug|Windows-AnyCPU.ActiveCfg = Debug|Any CPU
		{86021BC6-AE6C-47B2-9D08-8E352C46E277}.Debug|Windows-AnyCPU.Build.0 = Debug|Any CPU
		{86021BC6-AE6C-47B2-9D08-8E352C46E277}.Debug|Windows-ARM.ActiveCfg = Debug|Any CPU
		{86021BC6-AE6C-47B2-9D08-8E352C46E277}.Debug|Windows-ARM.Build.0 = Debug|Any CPU
		{86021BC6-AE6C-47B2-9D08-8E352C46E277}.Debug|Windows-x64.ActiveCfg = Debug|Any CPU
		{86021BC6-AE6C-47B2-9D08-8E352C46E277}.Debug|Windows-x64.Build.0 = Debug|Any CPU
		{86021BC6-AE6C-47B2-9D08-8E352C46E277}.Debug|Windows-x86.ActiveCfg = Debug|Any CPU
		{86021BC6-AE6C-47B2-9D08-8E352C46E277}.Debug|Windows-x86.Build.0 = Debug|Any CPU
		{86021BC6-AE6C-47B2-9D08-8E352C46E277}.Debug|x64.ActiveCfg = Debug|Any CPU
		{86021BC6-AE6C-47B2-9D08-8E352C46E277}.Debug|x64.Build.0 = Debug|Any CPU
		{86021BC6-AE6C-47B2-9D08-8E352C46E277}.Debug|x86.ActiveCfg = Debug|Any CPU
		{86021BC6-AE6C-47B2-9D08-8E352C46E277}.Debug|x86.Build.0 = Debug|Any CPU
		{86021BC6-AE6C-47B2-9D08-8E352C46E277}.Distribution|Android.ActiveCfg = Debug|Any CPU
		{86021BC6-AE6C-47B2-9D08-8E352C46E277}.Distribution|Android.Build.0 = Debug|Any CPU
		{86021BC6-AE6C-47B2-9D08-8E352C46E277}.Distribution|Any CPU.ActiveCfg = Debug|Any CPU
		{86021BC6-AE6C-47B2-9D08-8E352C46E277}.Distribution|Any CPU.Build.0 = Debug|Any CPU
		{86021BC6-AE6C-47B2-9D08-8E352C46E277}.Distribution|ARM.ActiveCfg = Debug|Any CPU
		{86021BC6-AE6C-47B2-9D08-8E352C46E277}.Distribution|ARM.Build.0 = Debug|Any CPU
		{86021BC6-AE6C-47B2-9D08-8E352C46E277}.Distribution|iOS.ActiveCfg = Debug|Any CPU
		{86021BC6-AE6C-47B2-9D08-8E352C46E277}.Distribution|iOS.Build.0 = Debug|Any CPU
		{86021BC6-AE6C-47B2-9D08-8E352C46E277}.Distribution|Mixed Platforms.ActiveCfg = Debug|Any CPU
		{86021BC6-AE6C-47B2-9D08-8E352C46E277}.Distribution|Mixed Platforms.Build.0 = Debug|Any CPU
		{86021BC6-AE6C-47B2-9D08-8E352C46E277}.Distribution|Win32.ActiveCfg = Debug|Any CPU
		{86021BC6-AE6C-47B2-9D08-8E352C46E277}.Distribution|Win32.Build.0 = Debug|Any CPU
		{86021BC6-AE6C-47B2-9D08-8E352C46E277}.Distribution|Windows Phone.ActiveCfg = Debug|Any CPU
		{86021BC6-AE6C-47B2-9D08-8E352C46E277}.Distribution|Windows Phone.Build.0 = Debug|Any CPU
		{86021BC6-AE6C-47B2-9D08-8E352C46E277}.Distribution|Windows Phone (Universal).ActiveCfg = Debug|Any CPU
		{86021BC6-AE6C-47B2-9D08-8E352C46E277}.Distribution|Windows Phone (Universal).Build.0 = Debug|Any CPU
		{86021BC6-AE6C-47B2-9D08-8E352C46E277}.Distribution|Windows Phone 8.ActiveCfg = Debug|Any CPU
		{86021BC6-AE6C-47B2-9D08-8E352C46E277}.Distribution|Windows Phone 8.Build.0 = Debug|Any CPU
		{86021BC6-AE6C-47B2-9D08-8E352C46E277}.Distribution|Windows-AnyCPU.ActiveCfg = Debug|Any CPU
		{86021BC6-AE6C-47B2-9D08-8E352C46E277}.Distribution|Windows-AnyCPU.Build.0 = Debug|Any CPU
		{86021BC6-AE6C-47B2-9D08-8E352C46E277}.Distribution|Windows-ARM.ActiveCfg = Debug|Any CPU
		{86021BC6-AE6C-47B2-9D08-8E352C46E277}.Distribution|Windows-ARM.Build.0 = Debug|Any CPU
		{86021BC6-AE6C-47B2-9D08-8E352C46E277}.Distribution|Windows-x64.ActiveCfg = Debug|Any CPU
		{86021BC6-AE6C-47B2-9D08-8E352C46E277}.Distribution|Windows-x64.Build.0 = Debug|Any CPU
		{86021BC6-AE6C-47B2-9D08-8E352C46E277}.Distribution|Windows-x86.ActiveCfg = Debug|Any CPU
		{86021BC6-AE6C-47B2-9D08-8E352C46E277}.Distribution|Windows-x86.Build.0 = Debug|Any CPU
		{86021BC6-AE6C-47B2-9D08-8E352C46E277}.Distribution|x64.ActiveCfg = Debug|Any CPU
		{86021BC6-AE6C-47B2-9D08-8E352C46E277}.Distribution|x64.Build.0 = Debug|Any CPU
		{86021BC6-AE6C-47B2-9D08-8E352C46E277}.Distribution|x86.ActiveCfg = Debug|Any CPU
		{86021BC6-AE6C-47B2-9D08-8E352C46E277}.Distribution|x86.Build.0 = Debug|Any CPU
		{86021BC6-AE6C-47B2-9D08-8E352C46E277}.Release|Android.ActiveCfg = Release|Any CPU
		{86021BC6-AE6C-47B2-9D08-8E352C46E277}.Release|Android.Build.0 = Release|Any CPU
		{86021BC6-AE6C-47B2-9D08-8E352C46E277}.Release|Any CPU.ActiveCfg = Release|Any CPU
		{86021BC6-AE6C-47B2-9D08-8E352C46E277}.Release|Any CPU.Build.0 = Release|Any CPU
		{86021BC6-AE6C-47B2-9D08-8E352C46E277}.Release|ARM.ActiveCfg = Release|Any CPU
		{86021BC6-AE6C-47B2-9D08-8E352C46E277}.Release|ARM.Build.0 = Release|Any CPU
		{86021BC6-AE6C-47B2-9D08-8E352C46E277}.Release|iOS.ActiveCfg = Release|Any CPU
		{86021BC6-AE6C-47B2-9D08-8E352C46E277}.Release|iOS.Build.0 = Release|Any CPU
		{86021BC6-AE6C-47B2-9D08-8E352C46E277}.Release|Mixed Platforms.ActiveCfg = Release|Any CPU
		{86021BC6-AE6C-47B2-9D08-8E352C46E277}.Release|Mixed Platforms.Build.0 = Release|Any CPU
		{86021BC6-AE6C-47B2-9D08-8E352C46E277}.Release|Win32.ActiveCfg = Release|Any CPU
		{86021BC6-AE6C-47B2-9D08-8E352C46E277}.Release|Win32.Build.0 = Release|Any CPU
		{86021BC6-AE6C-47B2-9D08-8E352C46E277}.Release|Windows Phone.ActiveCfg = Release|Any CPU
		{86021BC6-AE6C-47B2-9D08-8E352C46E277}.Release|Windows Phone.Build.0 = Release|Any CPU
		{86021BC6-AE6C-47B2-9D08-8E352C46E277}.Release|Windows Phone (Universal).ActiveCfg = Release|Any CPU
		{86021BC6-AE6C-47B2-9D08-8E352C46E277}.Release|Windows Phone (Universal).Build.0 = Release|Any CPU
		{86021BC6-AE6C-47B2-9D08-8E352C46E277}.Release|Windows Phone 8.ActiveCfg = Release|Any CPU
		{86021BC6-AE6C-47B2-9D08-8E352C46E277}.Release|Windows Phone 8.Build.0 = Release|Any CPU
		{86021BC6-AE6C-47B2-9D08-8E352C46E277}.Release|Windows-AnyCPU.ActiveCfg = Release|Any CPU
		{86021BC6-AE6C-47B2-9D08-8E352C46E277}.Release|Windows-AnyCPU.Build.0 = Release|Any CPU
		{86021BC6-AE6C-47B2-9D08-8E352C46E277}.Release|Windows-ARM.ActiveCfg = Release|Any CPU
		{86021BC6-AE6C-47B2-9D08-8E352C46E277}.Release|Windows-ARM.Build.0 = Release|Any CPU
		{86021BC6-AE6C-47B2-9D08-8E352C46E277}.Release|Windows-x64.ActiveCfg = Release|Any CPU
		{86021BC6-AE6C-47B2-9D08-8E352C46E277}.Release|Windows-x64.Build.0 = Release|Any CPU
		{86021BC6-AE6C-47B2-9D08-8E352C46E277}.Release|Windows-x86.ActiveCfg = Release|Any CPU
		{86021BC6-AE6C-47B2-9D08-8E352C46E277}.Release|Windows-x86.Build.0 = Release|Any CPU
		{86021BC6-AE6C-47B2-9D08-8E352C46E277}.Release|x64.ActiveCfg = Release|Any CPU
		{86021BC6-AE6C-47B2-9D08-8E352C46E277}.Release|x64.Build.0 = Release|Any CPU
		{86021BC6-AE6C-47B2-9D08-8E352C46E277}.Release|x86.ActiveCfg = Release|Any CPU
		{86021BC6-AE6C-47B2-9D08-8E352C46E277}.Release|x86.Build.0 = Release|Any CPU
		{8AACCCBC-E17B-4292-BA0B-2E22F2F71EF6}.Debug|Android.ActiveCfg = Debug|Any CPU
		{8AACCCBC-E17B-4292-BA0B-2E22F2F71EF6}.Debug|Android.Build.0 = Debug|Any CPU
		{8AACCCBC-E17B-4292-BA0B-2E22F2F71EF6}.Debug|Any CPU.ActiveCfg = Debug|Any CPU
		{8AACCCBC-E17B-4292-BA0B-2E22F2F71EF6}.Debug|Any CPU.Build.0 = Debug|Any CPU
		{8AACCCBC-E17B-4292-BA0B-2E22F2F71EF6}.Debug|ARM.ActiveCfg = Debug|Any CPU
		{8AACCCBC-E17B-4292-BA0B-2E22F2F71EF6}.Debug|ARM.Build.0 = Debug|Any CPU
		{8AACCCBC-E17B-4292-BA0B-2E22F2F71EF6}.Debug|iOS.ActiveCfg = Debug|Any CPU
		{8AACCCBC-E17B-4292-BA0B-2E22F2F71EF6}.Debug|iOS.Build.0 = Debug|Any CPU
		{8AACCCBC-E17B-4292-BA0B-2E22F2F71EF6}.Debug|Mixed Platforms.ActiveCfg = Debug|Any CPU
		{8AACCCBC-E17B-4292-BA0B-2E22F2F71EF6}.Debug|Mixed Platforms.Build.0 = Debug|Any CPU
		{8AACCCBC-E17B-4292-BA0B-2E22F2F71EF6}.Debug|Win32.ActiveCfg = Debug|Any CPU
		{8AACCCBC-E17B-4292-BA0B-2E22F2F71EF6}.Debug|Win32.Build.0 = Debug|Any CPU
		{8AACCCBC-E17B-4292-BA0B-2E22F2F71EF6}.Debug|Windows Phone.ActiveCfg = Debug|Any CPU
		{8AACCCBC-E17B-4292-BA0B-2E22F2F71EF6}.Debug|Windows Phone.Build.0 = Debug|Any CPU
		{8AACCCBC-E17B-4292-BA0B-2E22F2F71EF6}.Debug|Windows Phone (Universal).ActiveCfg = Debug|Any CPU
		{8AACCCBC-E17B-4292-BA0B-2E22F2F71EF6}.Debug|Windows Phone (Universal).Build.0 = Debug|Any CPU
		{8AACCCBC-E17B-4292-BA0B-2E22F2F71EF6}.Debug|Windows Phone 8.ActiveCfg = Debug|Any CPU
		{8AACCCBC-E17B-4292-BA0B-2E22F2F71EF6}.Debug|Windows Phone 8.Build.0 = Debug|Any CPU
		{8AACCCBC-E17B-4292-BA0B-2E22F2F71EF6}.Debug|Windows-AnyCPU.ActiveCfg = Debug|Any CPU
		{8AACCCBC-E17B-4292-BA0B-2E22F2F71EF6}.Debug|Windows-AnyCPU.Build.0 = Debug|Any CPU
		{8AACCCBC-E17B-4292-BA0B-2E22F2F71EF6}.Debug|Windows-ARM.ActiveCfg = Debug|Any CPU
		{8AACCCBC-E17B-4292-BA0B-2E22F2F71EF6}.Debug|Windows-ARM.Build.0 = Debug|Any CPU
		{8AACCCBC-E17B-4292-BA0B-2E22F2F71EF6}.Debug|Windows-x64.ActiveCfg = Debug|Any CPU
		{8AACCCBC-E17B-4292-BA0B-2E22F2F71EF6}.Debug|Windows-x64.Build.0 = Debug|Any CPU
		{8AACCCBC-E17B-4292-BA0B-2E22F2F71EF6}.Debug|Windows-x86.ActiveCfg = Debug|Any CPU
		{8AACCCBC-E17B-4292-BA0B-2E22F2F71EF6}.Debug|Windows-x86.Build.0 = Debug|Any CPU
		{8AACCCBC-E17B-4292-BA0B-2E22F2F71EF6}.Debug|x64.ActiveCfg = Debug|Any CPU
		{8AACCCBC-E17B-4292-BA0B-2E22F2F71EF6}.Debug|x64.Build.0 = Debug|Any CPU
		{8AACCCBC-E17B-4292-BA0B-2E22F2F71EF6}.Debug|x86.ActiveCfg = Debug|Any CPU
		{8AACCCBC-E17B-4292-BA0B-2E22F2F71EF6}.Debug|x86.Build.0 = Debug|Any CPU
		{8AACCCBC-E17B-4292-BA0B-2E22F2F71EF6}.Distribution|Android.ActiveCfg = Debug|Any CPU
		{8AACCCBC-E17B-4292-BA0B-2E22F2F71EF6}.Distribution|Android.Build.0 = Debug|Any CPU
		{8AACCCBC-E17B-4292-BA0B-2E22F2F71EF6}.Distribution|Any CPU.ActiveCfg = Debug|Any CPU
		{8AACCCBC-E17B-4292-BA0B-2E22F2F71EF6}.Distribution|Any CPU.Build.0 = Debug|Any CPU
		{8AACCCBC-E17B-4292-BA0B-2E22F2F71EF6}.Distribution|ARM.ActiveCfg = Debug|Any CPU
		{8AACCCBC-E17B-4292-BA0B-2E22F2F71EF6}.Distribution|ARM.Build.0 = Debug|Any CPU
		{8AACCCBC-E17B-4292-BA0B-2E22F2F71EF6}.Distribution|iOS.ActiveCfg = Debug|Any CPU
		{8AACCCBC-E17B-4292-BA0B-2E22F2F71EF6}.Distribution|iOS.Build.0 = Debug|Any CPU
		{8AACCCBC-E17B-4292-BA0B-2E22F2F71EF6}.Distribution|Mixed Platforms.ActiveCfg = Debug|Any CPU
		{8AACCCBC-E17B-4292-BA0B-2E22F2F71EF6}.Distribution|Mixed Platforms.Build.0 = Debug|Any CPU
		{8AACCCBC-E17B-4292-BA0B-2E22F2F71EF6}.Distribution|Win32.ActiveCfg = Debug|Any CPU
		{8AACCCBC-E17B-4292-BA0B-2E22F2F71EF6}.Distribution|Win32.Build.0 = Debug|Any CPU
		{8AACCCBC-E17B-4292-BA0B-2E22F2F71EF6}.Distribution|Windows Phone.ActiveCfg = Debug|Any CPU
		{8AACCCBC-E17B-4292-BA0B-2E22F2F71EF6}.Distribution|Windows Phone.Build.0 = Debug|Any CPU
		{8AACCCBC-E17B-4292-BA0B-2E22F2F71EF6}.Distribution|Windows Phone (Universal).ActiveCfg = Debug|Any CPU
		{8AACCCBC-E17B-4292-BA0B-2E22F2F71EF6}.Distribution|Windows Phone (Universal).Build.0 = Debug|Any CPU
		{8AACCCBC-E17B-4292-BA0B-2E22F2F71EF6}.Distribution|Windows Phone 8.ActiveCfg = Debug|Any CPU
		{8AACCCBC-E17B-4292-BA0B-2E22F2F71EF6}.Distribution|Windows Phone 8.Build.0 = Debug|Any CPU
		{8AACCCBC-E17B-4292-BA0B-2E22F2F71EF6}.Distribution|Windows-AnyCPU.ActiveCfg = Debug|Any CPU
		{8AACCCBC-E17B-4292-BA0B-2E22F2F71EF6}.Distribution|Windows-AnyCPU.Build.0 = Debug|Any CPU
		{8AACCCBC-E17B-4292-BA0B-2E22F2F71EF6}.Distribution|Windows-ARM.ActiveCfg = Debug|Any CPU
		{8AACCCBC-E17B-4292-BA0B-2E22F2F71EF6}.Distribution|Windows-ARM.Build.0 = Debug|Any CPU
		{8AACCCBC-E17B-4292-BA0B-2E22F2F71EF6}.Distribution|Windows-x64.ActiveCfg = Debug|Any CPU
		{8AACCCBC-E17B-4292-BA0B-2E22F2F71EF6}.Distribution|Windows-x64.Build.0 = Debug|Any CPU
		{8AACCCBC-E17B-4292-BA0B-2E22F2F71EF6}.Distribution|Windows-x86.ActiveCfg = Debug|Any CPU
		{8AACCCBC-E17B-4292-BA0B-2E22F2F71EF6}.Distribution|Windows-x86.Build.0 = Debug|Any CPU
		{8AACCCBC-E17B-4292-BA0B-2E22F2F71EF6}.Distribution|x64.ActiveCfg = Debug|Any CPU
		{8AACCCBC-E17B-4292-BA0B-2E22F2F71EF6}.Distribution|x64.Build.0 = Debug|Any CPU
		{8AACCCBC-E17B-4292-BA0B-2E22F2F71EF6}.Distribution|x86.ActiveCfg = Debug|Any CPU
		{8AACCCBC-E17B-4292-BA0B-2E22F2F71EF6}.Distribution|x86.Build.0 = Debug|Any CPU
		{8AACCCBC-E17B-4292-BA0B-2E22F2F71EF6}.Release|Android.ActiveCfg = Release|Any CPU
		{8AACCCBC-E17B-4292-BA0B-2E22F2F71EF6}.Release|Android.Build.0 = Release|Any CPU
		{8AACCCBC-E17B-4292-BA0B-2E22F2F71EF6}.Release|Any CPU.ActiveCfg = Release|Any CPU
		{8AACCCBC-E17B-4292-BA0B-2E22F2F71EF6}.Release|Any CPU.Build.0 = Release|Any CPU
		{8AACCCBC-E17B-4292-BA0B-2E22F2F71EF6}.Release|ARM.ActiveCfg = Release|Any CPU
		{8AACCCBC-E17B-4292-BA0B-2E22F2F71EF6}.Release|ARM.Build.0 = Release|Any CPU
		{8AACCCBC-E17B-4292-BA0B-2E22F2F71EF6}.Release|iOS.ActiveCfg = Release|Any CPU
		{8AACCCBC-E17B-4292-BA0B-2E22F2F71EF6}.Release|iOS.Build.0 = Release|Any CPU
		{8AACCCBC-E17B-4292-BA0B-2E22F2F71EF6}.Release|Mixed Platforms.ActiveCfg = Release|Any CPU
		{8AACCCBC-E17B-4292-BA0B-2E22F2F71EF6}.Release|Mixed Platforms.Build.0 = Release|Any CPU
		{8AACCCBC-E17B-4292-BA0B-2E22F2F71EF6}.Release|Win32.ActiveCfg = Release|Any CPU
		{8AACCCBC-E17B-4292-BA0B-2E22F2F71EF6}.Release|Win32.Build.0 = Release|Any CPU
		{8AACCCBC-E17B-4292-BA0B-2E22F2F71EF6}.Release|Windows Phone.ActiveCfg = Release|Any CPU
		{8AACCCBC-E17B-4292-BA0B-2E22F2F71EF6}.Release|Windows Phone.Build.0 = Release|Any CPU
		{8AACCCBC-E17B-4292-BA0B-2E22F2F71EF6}.Release|Windows Phone (Universal).ActiveCfg = Release|Any CPU
		{8AACCCBC-E17B-4292-BA0B-2E22F2F71EF6}.Release|Windows Phone (Universal).Build.0 = Release|Any CPU
		{8AACCCBC-E17B-4292-BA0B-2E22F2F71EF6}.Release|Windows Phone 8.ActiveCfg = Release|Any CPU
		{8AACCCBC-E17B-4292-BA0B-2E22F2F71EF6}.Release|Windows Phone 8.Build.0 = Release|Any CPU
		{8AACCCBC-E17B-4292-BA0B-2E22F2F71EF6}.Release|Windows-AnyCPU.ActiveCfg = Release|Any CPU
		{8AACCCBC-E17B-4292-BA0B-2E22F2F71EF6}.Release|Windows-AnyCPU.Build.0 = Release|Any CPU
		{8AACCCBC-E17B-4292-BA0B-2E22F2F71EF6}.Release|Windows-ARM.ActiveCfg = Release|Any CPU
		{8AACCCBC-E17B-4292-BA0B-2E22F2F71EF6}.Release|Windows-ARM.Build.0 = Release|Any CPU
		{8AACCCBC-E17B-4292-BA0B-2E22F2F71EF6}.Release|Windows-x64.ActiveCfg = Release|Any CPU
		{8AACCCBC-E17B-4292-BA0B-2E22F2F71EF6}.Release|Windows-x64.Build.0 = Release|Any CPU
		{8AACCCBC-E17B-4292-BA0B-2E22F2F71EF6}.Release|Windows-x86.ActiveCfg = Release|Any CPU
		{8AACCCBC-E17B-4292-BA0B-2E22F2F71EF6}.Release|Windows-x86.Build.0 = Release|Any CPU
		{8AACCCBC-E17B-4292-BA0B-2E22F2F71EF6}.Release|x64.ActiveCfg = Release|Any CPU
		{8AACCCBC-E17B-4292-BA0B-2E22F2F71EF6}.Release|x64.Build.0 = Release|Any CPU
		{8AACCCBC-E17B-4292-BA0B-2E22F2F71EF6}.Release|x86.ActiveCfg = Release|Any CPU
		{8AACCCBC-E17B-4292-BA0B-2E22F2F71EF6}.Release|x86.Build.0 = Release|Any CPU
		{391494A2-48A3-4337-85FE-55241E6AB455}.Debug|Android.ActiveCfg = Debug|Any CPU
		{391494A2-48A3-4337-85FE-55241E6AB455}.Debug|Android.Build.0 = Debug|Any CPU
		{391494A2-48A3-4337-85FE-55241E6AB455}.Debug|Any CPU.ActiveCfg = Debug|Any CPU
		{391494A2-48A3-4337-85FE-55241E6AB455}.Debug|Any CPU.Build.0 = Debug|Any CPU
		{391494A2-48A3-4337-85FE-55241E6AB455}.Debug|ARM.ActiveCfg = Debug|Any CPU
		{391494A2-48A3-4337-85FE-55241E6AB455}.Debug|ARM.Build.0 = Debug|Any CPU
		{391494A2-48A3-4337-85FE-55241E6AB455}.Debug|iOS.ActiveCfg = Debug|Any CPU
		{391494A2-48A3-4337-85FE-55241E6AB455}.Debug|iOS.Build.0 = Debug|Any CPU
		{391494A2-48A3-4337-85FE-55241E6AB455}.Debug|Mixed Platforms.ActiveCfg = Debug|Any CPU
		{391494A2-48A3-4337-85FE-55241E6AB455}.Debug|Mixed Platforms.Build.0 = Debug|Any CPU
		{391494A2-48A3-4337-85FE-55241E6AB455}.Debug|Win32.ActiveCfg = Debug|Any CPU
		{391494A2-48A3-4337-85FE-55241E6AB455}.Debug|Win32.Build.0 = Debug|Any CPU
		{391494A2-48A3-4337-85FE-55241E6AB455}.Debug|Windows Phone.ActiveCfg = Debug|Any CPU
		{391494A2-48A3-4337-85FE-55241E6AB455}.Debug|Windows Phone.Build.0 = Debug|Any CPU
		{391494A2-48A3-4337-85FE-55241E6AB455}.Debug|Windows Phone (Universal).ActiveCfg = Debug|Any CPU
		{391494A2-48A3-4337-85FE-55241E6AB455}.Debug|Windows Phone (Universal).Build.0 = Debug|Any CPU
		{391494A2-48A3-4337-85FE-55241E6AB455}.Debug|Windows Phone 8.ActiveCfg = Debug|Any CPU
		{391494A2-48A3-4337-85FE-55241E6AB455}.Debug|Windows Phone 8.Build.0 = Debug|Any CPU
		{391494A2-48A3-4337-85FE-55241E6AB455}.Debug|Windows-AnyCPU.ActiveCfg = Debug|Any CPU
		{391494A2-48A3-4337-85FE-55241E6AB455}.Debug|Windows-AnyCPU.Build.0 = Debug|Any CPU
		{391494A2-48A3-4337-85FE-55241E6AB455}.Debug|Windows-ARM.ActiveCfg = Debug|Any CPU
		{391494A2-48A3-4337-85FE-55241E6AB455}.Debug|Windows-ARM.Build.0 = Debug|Any CPU
		{391494A2-48A3-4337-85FE-55241E6AB455}.Debug|Windows-x64.ActiveCfg = Debug|Any CPU
		{391494A2-48A3-4337-85FE-55241E6AB455}.Debug|Windows-x64.Build.0 = Debug|Any CPU
		{391494A2-48A3-4337-85FE-55241E6AB455}.Debug|Windows-x86.ActiveCfg = Debug|Any CPU
		{391494A2-48A3-4337-85FE-55241E6AB455}.Debug|Windows-x86.Build.0 = Debug|Any CPU
		{391494A2-48A3-4337-85FE-55241E6AB455}.Debug|x64.ActiveCfg = Debug|Any CPU
		{391494A2-48A3-4337-85FE-55241E6AB455}.Debug|x64.Build.0 = Debug|Any CPU
		{391494A2-48A3-4337-85FE-55241E6AB455}.Debug|x86.ActiveCfg = Debug|Any CPU
		{391494A2-48A3-4337-85FE-55241E6AB455}.Debug|x86.Build.0 = Debug|Any CPU
		{391494A2-48A3-4337-85FE-55241E6AB455}.Distribution|Android.ActiveCfg = Debug|Any CPU
		{391494A2-48A3-4337-85FE-55241E6AB455}.Distribution|Android.Build.0 = Debug|Any CPU
		{391494A2-48A3-4337-85FE-55241E6AB455}.Distribution|Any CPU.ActiveCfg = Debug|Any CPU
		{391494A2-48A3-4337-85FE-55241E6AB455}.Distribution|Any CPU.Build.0 = Debug|Any CPU
		{391494A2-48A3-4337-85FE-55241E6AB455}.Distribution|ARM.ActiveCfg = Debug|Any CPU
		{391494A2-48A3-4337-85FE-55241E6AB455}.Distribution|ARM.Build.0 = Debug|Any CPU
		{391494A2-48A3-4337-85FE-55241E6AB455}.Distribution|iOS.ActiveCfg = Debug|Any CPU
		{391494A2-48A3-4337-85FE-55241E6AB455}.Distribution|iOS.Build.0 = Debug|Any CPU
		{391494A2-48A3-4337-85FE-55241E6AB455}.Distribution|Mixed Platforms.ActiveCfg = Debug|Any CPU
		{391494A2-48A3-4337-85FE-55241E6AB455}.Distribution|Mixed Platforms.Build.0 = Debug|Any CPU
		{391494A2-48A3-4337-85FE-55241E6AB455}.Distribution|Win32.ActiveCfg = Debug|Any CPU
		{391494A2-48A3-4337-85FE-55241E6AB455}.Distribution|Win32.Build.0 = Debug|Any CPU
		{391494A2-48A3-4337-85FE-55241E6AB455}.Distribution|Windows Phone.ActiveCfg = Debug|Any CPU
		{391494A2-48A3-4337-85FE-55241E6AB455}.Distribution|Windows Phone.Build.0 = Debug|Any CPU
		{391494A2-48A3-4337-85FE-55241E6AB455}.Distribution|Windows Phone (Universal).ActiveCfg = Debug|Any CPU
		{391494A2-48A3-4337-85FE-55241E6AB455}.Distribution|Windows Phone (Universal).Build.0 = Debug|Any CPU
		{391494A2-48A3-4337-85FE-55241E6AB455}.Distribution|Windows Phone 8.ActiveCfg = Debug|Any CPU
		{391494A2-48A3-4337-85FE-55241E6AB455}.Distribution|Windows Phone 8.Build.0 = Debug|Any CPU
		{391494A2-48A3-4337-85FE-55241E6AB455}.Distribution|Windows-AnyCPU.ActiveCfg = Debug|Any CPU
		{391494A2-48A3-4337-85FE-55241E6AB455}.Distribution|Windows-AnyCPU.Build.0 = Debug|Any CPU
		{391494A2-48A3-4337-85FE-55241E6AB455}.Distribution|Windows-ARM.ActiveCfg = Debug|Any CPU
		{391494A2-48A3-4337-85FE-55241E6AB455}.Distribution|Windows-ARM.Build.0 = Debug|Any CPU
		{391494A2-48A3-4337-85FE-55241E6AB455}.Distribution|Windows-x64.ActiveCfg = Debug|Any CPU
		{391494A2-48A3-4337-85FE-55241E6AB455}.Distribution|Windows-x64.Build.0 = Debug|Any CPU
		{391494A2-48A3-4337-85FE-55241E6AB455}.Distribution|Windows-x86.ActiveCfg = Debug|Any CPU
		{391494A2-48A3-4337-85FE-55241E6AB455}.Distribution|Windows-x86.Build.0 = Debug|Any CPU
		{391494A2-48A3-4337-85FE-55241E6AB455}.Distribution|x64.ActiveCfg = Debug|Any CPU
		{391494A2-48A3-4337-85FE-55241E6AB455}.Distribution|x64.Build.0 = Debug|Any CPU
		{391494A2-48A3-4337-85FE-55241E6AB455}.Distribution|x86.ActiveCfg = Debug|Any CPU
		{391494A2-48A3-4337-85FE-55241E6AB455}.Distribution|x86.Build.0 = Debug|Any CPU
		{391494A2-48A3-4337-85FE-55241E6AB455}.Release|Android.ActiveCfg = Release|Any CPU
		{391494A2-48A3-4337-85FE-55241E6AB455}.Release|Android.Build.0 = Release|Any CPU
		{391494A2-48A3-4337-85FE-55241E6AB455}.Release|Any CPU.ActiveCfg = Release|Any CPU
		{391494A2-48A3-4337-85FE-55241E6AB455}.Release|Any CPU.Build.0 = Release|Any CPU
		{391494A2-48A3-4337-85FE-55241E6AB455}.Release|ARM.ActiveCfg = Release|Any CPU
		{391494A2-48A3-4337-85FE-55241E6AB455}.Release|ARM.Build.0 = Release|Any CPU
		{391494A2-48A3-4337-85FE-55241E6AB455}.Release|iOS.ActiveCfg = Release|Any CPU
		{391494A2-48A3-4337-85FE-55241E6AB455}.Release|iOS.Build.0 = Release|Any CPU
		{391494A2-48A3-4337-85FE-55241E6AB455}.Release|Mixed Platforms.ActiveCfg = Release|Any CPU
		{391494A2-48A3-4337-85FE-55241E6AB455}.Release|Mixed Platforms.Build.0 = Release|Any CPU
		{391494A2-48A3-4337-85FE-55241E6AB455}.Release|Win32.ActiveCfg = Release|Any CPU
		{391494A2-48A3-4337-85FE-55241E6AB455}.Release|Win32.Build.0 = Release|Any CPU
		{391494A2-48A3-4337-85FE-55241E6AB455}.Release|Windows Phone.ActiveCfg = Release|Any CPU
		{391494A2-48A3-4337-85FE-55241E6AB455}.Release|Windows Phone.Build.0 = Release|Any CPU
		{391494A2-48A3-4337-85FE-55241E6AB455}.Release|Windows Phone (Universal).ActiveCfg = Release|Any CPU
		{391494A2-48A3-4337-85FE-55241E6AB455}.Release|Windows Phone (Universal).Build.0 = Release|Any CPU
		{391494A2-48A3-4337-85FE-55241E6AB455}.Release|Windows Phone 8.ActiveCfg = Release|Any CPU
		{391494A2-48A3-4337-85FE-55241E6AB455}.Release|Windows Phone 8.Build.0 = Release|Any CPU
		{391494A2-48A3-4337-85FE-55241E6AB455}.Release|Windows-AnyCPU.ActiveCfg = Release|Any CPU
		{391494A2-48A3-4337-85FE-55241E6AB455}.Release|Windows-AnyCPU.Build.0 = Release|Any CPU
		{391494A2-48A3-4337-85FE-55241E6AB455}.Release|Windows-ARM.ActiveCfg = Release|Any CPU
		{391494A2-48A3-4337-85FE-55241E6AB455}.Release|Windows-ARM.Build.0 = Release|Any CPU
		{391494A2-48A3-4337-85FE-55241E6AB455}.Release|Windows-x64.ActiveCfg = Release|Any CPU
		{391494A2-48A3-4337-85FE-55241E6AB455}.Release|Windows-x64.Build.0 = Release|Any CPU
		{391494A2-48A3-4337-85FE-55241E6AB455}.Release|Windows-x86.ActiveCfg = Release|Any CPU
		{391494A2-48A3-4337-85FE-55241E6AB455}.Release|Windows-x86.Build.0 = Release|Any CPU
		{391494A2-48A3-4337-85FE-55241E6AB455}.Release|x64.ActiveCfg = Release|Any CPU
		{391494A2-48A3-4337-85FE-55241E6AB455}.Release|x64.Build.0 = Release|Any CPU
		{391494A2-48A3-4337-85FE-55241E6AB455}.Release|x86.ActiveCfg = Release|Any CPU
		{391494A2-48A3-4337-85FE-55241E6AB455}.Release|x86.Build.0 = Release|Any CPU
		{AE730AD6-124E-4F51-970F-A1EF7BB10EC1}.Debug|Android.ActiveCfg = Debug|x86
		{AE730AD6-124E-4F51-970F-A1EF7BB10EC1}.Debug|Any CPU.ActiveCfg = Debug|x86
		{AE730AD6-124E-4F51-970F-A1EF7BB10EC1}.Debug|ARM.ActiveCfg = Debug|ARM
		{AE730AD6-124E-4F51-970F-A1EF7BB10EC1}.Debug|ARM.Build.0 = Debug|ARM
		{AE730AD6-124E-4F51-970F-A1EF7BB10EC1}.Debug|ARM.Deploy.0 = Debug|ARM
		{AE730AD6-124E-4F51-970F-A1EF7BB10EC1}.Debug|iOS.ActiveCfg = Debug|x86
		{AE730AD6-124E-4F51-970F-A1EF7BB10EC1}.Debug|Mixed Platforms.ActiveCfg = Debug|x86
		{AE730AD6-124E-4F51-970F-A1EF7BB10EC1}.Debug|Mixed Platforms.Build.0 = Debug|x86
		{AE730AD6-124E-4F51-970F-A1EF7BB10EC1}.Debug|Mixed Platforms.Deploy.0 = Debug|x86
		{AE730AD6-124E-4F51-970F-A1EF7BB10EC1}.Debug|Win32.ActiveCfg = Debug|x86
		{AE730AD6-124E-4F51-970F-A1EF7BB10EC1}.Debug|Win32.Build.0 = Debug|x86
		{AE730AD6-124E-4F51-970F-A1EF7BB10EC1}.Debug|Win32.Deploy.0 = Debug|x86
		{AE730AD6-124E-4F51-970F-A1EF7BB10EC1}.Debug|Windows Phone.ActiveCfg = Debug|x86
		{AE730AD6-124E-4F51-970F-A1EF7BB10EC1}.Debug|Windows Phone (Universal).ActiveCfg = Debug|x86
		{AE730AD6-124E-4F51-970F-A1EF7BB10EC1}.Debug|Windows Phone 8.ActiveCfg = Debug|x86
		{AE730AD6-124E-4F51-970F-A1EF7BB10EC1}.Debug|Windows-AnyCPU.ActiveCfg = Debug|x86
		{AE730AD6-124E-4F51-970F-A1EF7BB10EC1}.Debug|Windows-ARM.ActiveCfg = Debug|x86
		{AE730AD6-124E-4F51-970F-A1EF7BB10EC1}.Debug|Windows-x64.ActiveCfg = Debug|x86
		{AE730AD6-124E-4F51-970F-A1EF7BB10EC1}.Debug|Windows-x86.ActiveCfg = Debug|x86
		{AE730AD6-124E-4F51-970F-A1EF7BB10EC1}.Debug|x64.ActiveCfg = Debug|x64
		{AE730AD6-124E-4F51-970F-A1EF7BB10EC1}.Debug|x64.Build.0 = Debug|x64
		{AE730AD6-124E-4F51-970F-A1EF7BB10EC1}.Debug|x64.Deploy.0 = Debug|x64
		{AE730AD6-124E-4F51-970F-A1EF7BB10EC1}.Debug|x86.ActiveCfg = Debug|x86
		{AE730AD6-124E-4F51-970F-A1EF7BB10EC1}.Debug|x86.Build.0 = Debug|x86
		{AE730AD6-124E-4F51-970F-A1EF7BB10EC1}.Debug|x86.Deploy.0 = Debug|x86
		{AE730AD6-124E-4F51-970F-A1EF7BB10EC1}.Distribution|Android.ActiveCfg = Release|x86
		{AE730AD6-124E-4F51-970F-A1EF7BB10EC1}.Distribution|Android.Build.0 = Release|x86
		{AE730AD6-124E-4F51-970F-A1EF7BB10EC1}.Distribution|Android.Deploy.0 = Release|x86
		{AE730AD6-124E-4F51-970F-A1EF7BB10EC1}.Distribution|Any CPU.ActiveCfg = Release|x86
		{AE730AD6-124E-4F51-970F-A1EF7BB10EC1}.Distribution|Any CPU.Build.0 = Release|x86
		{AE730AD6-124E-4F51-970F-A1EF7BB10EC1}.Distribution|Any CPU.Deploy.0 = Release|x86
		{AE730AD6-124E-4F51-970F-A1EF7BB10EC1}.Distribution|ARM.ActiveCfg = Debug|ARM
		{AE730AD6-124E-4F51-970F-A1EF7BB10EC1}.Distribution|ARM.Build.0 = Debug|ARM
		{AE730AD6-124E-4F51-970F-A1EF7BB10EC1}.Distribution|ARM.Deploy.0 = Debug|ARM
		{AE730AD6-124E-4F51-970F-A1EF7BB10EC1}.Distribution|iOS.ActiveCfg = Release|x86
		{AE730AD6-124E-4F51-970F-A1EF7BB10EC1}.Distribution|iOS.Build.0 = Release|x86
		{AE730AD6-124E-4F51-970F-A1EF7BB10EC1}.Distribution|iOS.Deploy.0 = Release|x86
		{AE730AD6-124E-4F51-970F-A1EF7BB10EC1}.Distribution|Mixed Platforms.ActiveCfg = Debug|x86
		{AE730AD6-124E-4F51-970F-A1EF7BB10EC1}.Distribution|Mixed Platforms.Build.0 = Debug|x86
		{AE730AD6-124E-4F51-970F-A1EF7BB10EC1}.Distribution|Mixed Platforms.Deploy.0 = Debug|x86
		{AE730AD6-124E-4F51-970F-A1EF7BB10EC1}.Distribution|Win32.ActiveCfg = Debug|x86
		{AE730AD6-124E-4F51-970F-A1EF7BB10EC1}.Distribution|Win32.Build.0 = Debug|x86
		{AE730AD6-124E-4F51-970F-A1EF7BB10EC1}.Distribution|Win32.Deploy.0 = Debug|x86
		{AE730AD6-124E-4F51-970F-A1EF7BB10EC1}.Distribution|Windows Phone.ActiveCfg = Release|x86
		{AE730AD6-124E-4F51-970F-A1EF7BB10EC1}.Distribution|Windows Phone.Build.0 = Release|x86
		{AE730AD6-124E-4F51-970F-A1EF7BB10EC1}.Distribution|Windows Phone.Deploy.0 = Release|x86
		{AE730AD6-124E-4F51-970F-A1EF7BB10EC1}.Distribution|Windows Phone (Universal).ActiveCfg = Release|x86
		{AE730AD6-124E-4F51-970F-A1EF7BB10EC1}.Distribution|Windows Phone (Universal).Build.0 = Release|x86
		{AE730AD6-124E-4F51-970F-A1EF7BB10EC1}.Distribution|Windows Phone (Universal).Deploy.0 = Release|x86
		{AE730AD6-124E-4F51-970F-A1EF7BB10EC1}.Distribution|Windows Phone 8.ActiveCfg = Release|x86
		{AE730AD6-124E-4F51-970F-A1EF7BB10EC1}.Distribution|Windows Phone 8.Build.0 = Release|x86
		{AE730AD6-124E-4F51-970F-A1EF7BB10EC1}.Distribution|Windows Phone 8.Deploy.0 = Release|x86
		{AE730AD6-124E-4F51-970F-A1EF7BB10EC1}.Distribution|Windows-AnyCPU.ActiveCfg = Release|x86
		{AE730AD6-124E-4F51-970F-A1EF7BB10EC1}.Distribution|Windows-AnyCPU.Build.0 = Release|x86
		{AE730AD6-124E-4F51-970F-A1EF7BB10EC1}.Distribution|Windows-AnyCPU.Deploy.0 = Release|x86
		{AE730AD6-124E-4F51-970F-A1EF7BB10EC1}.Distribution|Windows-ARM.ActiveCfg = Release|x86
		{AE730AD6-124E-4F51-970F-A1EF7BB10EC1}.Distribution|Windows-ARM.Build.0 = Release|x86
		{AE730AD6-124E-4F51-970F-A1EF7BB10EC1}.Distribution|Windows-ARM.Deploy.0 = Release|x86
		{AE730AD6-124E-4F51-970F-A1EF7BB10EC1}.Distribution|Windows-x64.ActiveCfg = Release|x86
		{AE730AD6-124E-4F51-970F-A1EF7BB10EC1}.Distribution|Windows-x64.Build.0 = Release|x86
		{AE730AD6-124E-4F51-970F-A1EF7BB10EC1}.Distribution|Windows-x64.Deploy.0 = Release|x86
		{AE730AD6-124E-4F51-970F-A1EF7BB10EC1}.Distribution|Windows-x86.ActiveCfg = Release|x86
		{AE730AD6-124E-4F51-970F-A1EF7BB10EC1}.Distribution|Windows-x86.Build.0 = Release|x86
		{AE730AD6-124E-4F51-970F-A1EF7BB10EC1}.Distribution|Windows-x86.Deploy.0 = Release|x86
		{AE730AD6-124E-4F51-970F-A1EF7BB10EC1}.Distribution|x64.ActiveCfg = Debug|x64
		{AE730AD6-124E-4F51-970F-A1EF7BB10EC1}.Distribution|x64.Build.0 = Debug|x64
		{AE730AD6-124E-4F51-970F-A1EF7BB10EC1}.Distribution|x64.Deploy.0 = Debug|x64
		{AE730AD6-124E-4F51-970F-A1EF7BB10EC1}.Distribution|x86.ActiveCfg = Debug|x86
		{AE730AD6-124E-4F51-970F-A1EF7BB10EC1}.Distribution|x86.Build.0 = Debug|x86
		{AE730AD6-124E-4F51-970F-A1EF7BB10EC1}.Distribution|x86.Deploy.0 = Debug|x86
		{AE730AD6-124E-4F51-970F-A1EF7BB10EC1}.Release|Android.ActiveCfg = Release|x86
		{AE730AD6-124E-4F51-970F-A1EF7BB10EC1}.Release|Any CPU.ActiveCfg = Release|x86
		{AE730AD6-124E-4F51-970F-A1EF7BB10EC1}.Release|ARM.ActiveCfg = Release|ARM
		{AE730AD6-124E-4F51-970F-A1EF7BB10EC1}.Release|ARM.Build.0 = Release|ARM
		{AE730AD6-124E-4F51-970F-A1EF7BB10EC1}.Release|ARM.Deploy.0 = Release|ARM
		{AE730AD6-124E-4F51-970F-A1EF7BB10EC1}.Release|iOS.ActiveCfg = Release|x86
		{AE730AD6-124E-4F51-970F-A1EF7BB10EC1}.Release|Mixed Platforms.ActiveCfg = Release|x86
		{AE730AD6-124E-4F51-970F-A1EF7BB10EC1}.Release|Mixed Platforms.Build.0 = Release|x86
		{AE730AD6-124E-4F51-970F-A1EF7BB10EC1}.Release|Mixed Platforms.Deploy.0 = Release|x86
		{AE730AD6-124E-4F51-970F-A1EF7BB10EC1}.Release|Win32.ActiveCfg = Release|x86
		{AE730AD6-124E-4F51-970F-A1EF7BB10EC1}.Release|Win32.Build.0 = Release|x86
		{AE730AD6-124E-4F51-970F-A1EF7BB10EC1}.Release|Win32.Deploy.0 = Release|x86
		{AE730AD6-124E-4F51-970F-A1EF7BB10EC1}.Release|Windows Phone.ActiveCfg = Release|x86
		{AE730AD6-124E-4F51-970F-A1EF7BB10EC1}.Release|Windows Phone (Universal).ActiveCfg = Release|x86
		{AE730AD6-124E-4F51-970F-A1EF7BB10EC1}.Release|Windows Phone 8.ActiveCfg = Release|x86
		{AE730AD6-124E-4F51-970F-A1EF7BB10EC1}.Release|Windows-AnyCPU.ActiveCfg = Release|x86
		{AE730AD6-124E-4F51-970F-A1EF7BB10EC1}.Release|Windows-ARM.ActiveCfg = Release|x86
		{AE730AD6-124E-4F51-970F-A1EF7BB10EC1}.Release|Windows-x64.ActiveCfg = Release|x86
		{AE730AD6-124E-4F51-970F-A1EF7BB10EC1}.Release|Windows-x86.ActiveCfg = Release|x86
		{AE730AD6-124E-4F51-970F-A1EF7BB10EC1}.Release|x64.ActiveCfg = Release|x64
		{AE730AD6-124E-4F51-970F-A1EF7BB10EC1}.Release|x64.Build.0 = Release|x64
		{AE730AD6-124E-4F51-970F-A1EF7BB10EC1}.Release|x64.Deploy.0 = Release|x64
		{AE730AD6-124E-4F51-970F-A1EF7BB10EC1}.Release|x86.ActiveCfg = Release|x86
		{AE730AD6-124E-4F51-970F-A1EF7BB10EC1}.Release|x86.Build.0 = Release|x86
		{AE730AD6-124E-4F51-970F-A1EF7BB10EC1}.Release|x86.Deploy.0 = Release|x86
	EndGlobalSection
	GlobalSection(SolutionProperties) = preSolution
		HideSolutionNode = FALSE
	EndGlobalSection
	GlobalSection(NestedProjects) = preSolution
		{AE730AD6-124E-4F51-970F-A1EF7BB10EC1} = {BDDA09DC-2E8A-4B0C-A88C-8B4558365756}
	EndGlobalSection
EndGlobal
